// !$*UTF8*$!
{
	archiveVersion = 1;
	classes = {
	};
	objectVersion = 56;
	objects = {

/* Begin PBXBuildFile section */
		569A074F2B1FD23D004AA63A /* RuytheriOSDevApp.swift in Sources */ = {isa = PBXBuildFile; fileRef = 569A074E2B1FD23D004AA63A /* RuytheriOSDevApp.swift */; };
		569A07512B1FD23D004AA63A /* ContentView.swift in Sources */ = {isa = PBXBuildFile; fileRef = 569A07502B1FD23D004AA63A /* ContentView.swift */; };
		569A07532B1FD23E004AA63A /* Assets.xcassets in Resources */ = {isa = PBXBuildFile; fileRef = 569A07522B1FD23E004AA63A /* Assets.xcassets */; };
		569A07562B1FD23E004AA63A /* Preview Assets.xcassets in Resources */ = {isa = PBXBuildFile; fileRef = 569A07552B1FD23E004AA63A /* Preview Assets.xcassets */; };
		569A07602B1FD23F004AA63A /* RuytheriOSDevTests.swift in Sources */ = {isa = PBXBuildFile; fileRef = 569A075F2B1FD23F004AA63A /* RuytheriOSDevTests.swift */; };
		569A076A2B1FD23F004AA63A /* RuytheriOSDevUITests.swift in Sources */ = {isa = PBXBuildFile; fileRef = 569A07692B1FD23F004AA63A /* RuytheriOSDevUITests.swift */; };
		569A076C2B1FD23F004AA63A /* RuytheriOSDevUITestsLaunchTests.swift in Sources */ = {isa = PBXBuildFile; fileRef = 569A076B2B1FD23F004AA63A /* RuytheriOSDevUITestsLaunchTests.swift */; };
		569A077E2B2003E7004AA63A /* click.wav in Resources */ = {isa = PBXBuildFile; fileRef = 569A077C2B2003E7004AA63A /* click.wav */; };
		569A077F2B2003E7004AA63A /* pop-up.wav in Resources */ = {isa = PBXBuildFile; fileRef = 569A077D2B2003E7004AA63A /* pop-up.wav */; };
		569A07812B2004BD004AA63A /* about-me.json in Resources */ = {isa = PBXBuildFile; fileRef = 569A07802B2004BD004AA63A /* about-me.json */; };
		569A078B2B2005F2004AA63A /* ParentView.swift in Sources */ = {isa = PBXBuildFile; fileRef = 569A078A2B2005F2004AA63A /* ParentView.swift */; };
		569A078D2B20061D004AA63A /* ParentViewModel.swift in Sources */ = {isa = PBXBuildFile; fileRef = 569A078C2B20061D004AA63A /* ParentViewModel.swift */; };
		569A07912B200917004AA63A /* AppDelegate.swift in Sources */ = {isa = PBXBuildFile; fileRef = 569A07902B200917004AA63A /* AppDelegate.swift */; };
		569A07932B200924004AA63A /* SceneDelegate.swift in Sources */ = {isa = PBXBuildFile; fileRef = 569A07922B200924004AA63A /* SceneDelegate.swift */; };
		569A07962B2009A3004AA63A /* CustomTabView.swift in Sources */ = {isa = PBXBuildFile; fileRef = 569A07952B2009A3004AA63A /* CustomTabView.swift */; };
		569A079A2B201624004AA63A /* View+Extension.swift in Sources */ = {isa = PBXBuildFile; fileRef = 569A07992B201624004AA63A /* View+Extension.swift */; };
		569A079C2B20163D004AA63A /* TabView+Extension.swift in Sources */ = {isa = PBXBuildFile; fileRef = 569A079B2B20163D004AA63A /* TabView+Extension.swift */; };
/* End PBXBuildFile section */

/* Begin PBXContainerItemProxy section */
		569A075C2B1FD23F004AA63A /* PBXContainerItemProxy */ = {
			isa = PBXContainerItemProxy;
			containerPortal = 569A07432B1FD23D004AA63A /* Project object */;
			proxyType = 1;
			remoteGlobalIDString = 569A074A2B1FD23D004AA63A;
			remoteInfo = RuytheriOSDev;
		};
		569A07662B1FD23F004AA63A /* PBXContainerItemProxy */ = {
			isa = PBXContainerItemProxy;
			containerPortal = 569A07432B1FD23D004AA63A /* Project object */;
			proxyType = 1;
			remoteGlobalIDString = 569A074A2B1FD23D004AA63A;
			remoteInfo = RuytheriOSDev;
		};
/* End PBXContainerItemProxy section */

/* Begin PBXFileReference section */
		569A074B2B1FD23D004AA63A /* RuytheriOSDev.app */ = {isa = PBXFileReference; explicitFileType = wrapper.application; includeInIndex = 0; path = RuytheriOSDev.app; sourceTree = BUILT_PRODUCTS_DIR; };
		569A074E2B1FD23D004AA63A /* RuytheriOSDevApp.swift */ = {isa = PBXFileReference; lastKnownFileType = sourcecode.swift; path = RuytheriOSDevApp.swift; sourceTree = "<group>"; };
		569A07502B1FD23D004AA63A /* ContentView.swift */ = {isa = PBXFileReference; lastKnownFileType = sourcecode.swift; path = ContentView.swift; sourceTree = "<group>"; };
		569A07522B1FD23E004AA63A /* Assets.xcassets */ = {isa = PBXFileReference; lastKnownFileType = folder.assetcatalog; path = Assets.xcassets; sourceTree = "<group>"; };
		569A07552B1FD23E004AA63A /* Preview Assets.xcassets */ = {isa = PBXFileReference; lastKnownFileType = folder.assetcatalog; path = "Preview Assets.xcassets"; sourceTree = "<group>"; };
		569A075B2B1FD23F004AA63A /* RuytheriOSDevTests.xctest */ = {isa = PBXFileReference; explicitFileType = wrapper.cfbundle; includeInIndex = 0; path = RuytheriOSDevTests.xctest; sourceTree = BUILT_PRODUCTS_DIR; };
		569A075F2B1FD23F004AA63A /* RuytheriOSDevTests.swift */ = {isa = PBXFileReference; lastKnownFileType = sourcecode.swift; path = RuytheriOSDevTests.swift; sourceTree = "<group>"; };
		569A07652B1FD23F004AA63A /* RuytheriOSDevUITests.xctest */ = {isa = PBXFileReference; explicitFileType = wrapper.cfbundle; includeInIndex = 0; path = RuytheriOSDevUITests.xctest; sourceTree = BUILT_PRODUCTS_DIR; };
		569A07692B1FD23F004AA63A /* RuytheriOSDevUITests.swift */ = {isa = PBXFileReference; lastKnownFileType = sourcecode.swift; path = RuytheriOSDevUITests.swift; sourceTree = "<group>"; };
		569A076B2B1FD23F004AA63A /* RuytheriOSDevUITestsLaunchTests.swift */ = {isa = PBXFileReference; lastKnownFileType = sourcecode.swift; path = RuytheriOSDevUITestsLaunchTests.swift; sourceTree = "<group>"; };
		569A077C2B2003E7004AA63A /* click.wav */ = {isa = PBXFileReference; lastKnownFileType = audio.wav; path = click.wav; sourceTree = "<group>"; };
		569A077D2B2003E7004AA63A /* pop-up.wav */ = {isa = PBXFileReference; lastKnownFileType = audio.wav; path = "pop-up.wav"; sourceTree = "<group>"; };
		569A07802B2004BD004AA63A /* about-me.json */ = {isa = PBXFileReference; lastKnownFileType = text.json; path = "about-me.json"; sourceTree = "<group>"; };
		569A078A2B2005F2004AA63A /* ParentView.swift */ = {isa = PBXFileReference; lastKnownFileType = sourcecode.swift; path = ParentView.swift; sourceTree = "<group>"; };
		569A078C2B20061D004AA63A /* ParentViewModel.swift */ = {isa = PBXFileReference; lastKnownFileType = sourcecode.swift; path = ParentViewModel.swift; sourceTree = "<group>"; };
		569A07902B200917004AA63A /* AppDelegate.swift */ = {isa = PBXFileReference; lastKnownFileType = sourcecode.swift; path = AppDelegate.swift; sourceTree = "<group>"; };
		569A07922B200924004AA63A /* SceneDelegate.swift */ = {isa = PBXFileReference; lastKnownFileType = sourcecode.swift; path = SceneDelegate.swift; sourceTree = "<group>"; };
		569A07952B2009A3004AA63A /* CustomTabView.swift */ = {isa = PBXFileReference; lastKnownFileType = sourcecode.swift; path = CustomTabView.swift; sourceTree = "<group>"; };
		569A07992B201624004AA63A /* View+Extension.swift */ = {isa = PBXFileReference; lastKnownFileType = sourcecode.swift; path = "View+Extension.swift"; sourceTree = "<group>"; };
		569A079B2B20163D004AA63A /* TabView+Extension.swift */ = {isa = PBXFileReference; lastKnownFileType = sourcecode.swift; path = "TabView+Extension.swift"; sourceTree = "<group>"; };
/* End PBXFileReference section */

/* Begin PBXFrameworksBuildPhase section */
		569A07482B1FD23D004AA63A /* Frameworks */ = {
			isa = PBXFrameworksBuildPhase;
			buildActionMask = 2147483647;
			files = (
			);
			runOnlyForDeploymentPostprocessing = 0;
		};
		569A07582B1FD23F004AA63A /* Frameworks */ = {
			isa = PBXFrameworksBuildPhase;
			buildActionMask = 2147483647;
			files = (
			);
			runOnlyForDeploymentPostprocessing = 0;
		};
		569A07622B1FD23F004AA63A /* Frameworks */ = {
			isa = PBXFrameworksBuildPhase;
			buildActionMask = 2147483647;
			files = (
			);
			runOnlyForDeploymentPostprocessing = 0;
		};
/* End PBXFrameworksBuildPhase section */

/* Begin PBXGroup section */
		569A07422B1FD23D004AA63A = {
			isa = PBXGroup;
			children = (
				569A074D2B1FD23D004AA63A /* RuytheriOSDev */,
				569A075E2B1FD23F004AA63A /* RuytheriOSDevTests */,
				569A07682B1FD23F004AA63A /* RuytheriOSDevUITests */,
				569A074C2B1FD23D004AA63A /* Products */,
			);
			sourceTree = "<group>";
		};
		569A074C2B1FD23D004AA63A /* Products */ = {
			isa = PBXGroup;
			children = (
				569A074B2B1FD23D004AA63A /* RuytheriOSDev.app */,
				569A075B2B1FD23F004AA63A /* RuytheriOSDevTests.xctest */,
				569A07652B1FD23F004AA63A /* RuytheriOSDevUITests.xctest */,
			);
			name = Products;
			sourceTree = "<group>";
		};
		569A074D2B1FD23D004AA63A /* RuytheriOSDev */ = {
			isa = PBXGroup;
			children = (
				569A07782B200384004AA63A /* App */,
				569A07822B2004E1004AA63A /* Infrastructure */,
				569A07832B200514004AA63A /* Data */,
				569A07842B20051C004AA63A /* Presentation */,
				569A07792B200395004AA63A /* Resources */,
				569A07542B1FD23E004AA63A /* Preview Content */,
			);
			path = RuytheriOSDev;
			sourceTree = "<group>";
		};
		569A07542B1FD23E004AA63A /* Preview Content */ = {
			isa = PBXGroup;
			children = (
				569A07552B1FD23E004AA63A /* Preview Assets.xcassets */,
			);
			path = "Preview Content";
			sourceTree = "<group>";
		};
		569A075E2B1FD23F004AA63A /* RuytheriOSDevTests */ = {
			isa = PBXGroup;
			children = (
				569A075F2B1FD23F004AA63A /* RuytheriOSDevTests.swift */,
			);
			path = RuytheriOSDevTests;
			sourceTree = "<group>";
		};
		569A07682B1FD23F004AA63A /* RuytheriOSDevUITests */ = {
			isa = PBXGroup;
			children = (
				569A07692B1FD23F004AA63A /* RuytheriOSDevUITests.swift */,
				569A076B2B1FD23F004AA63A /* RuytheriOSDevUITestsLaunchTests.swift */,
			);
			path = RuytheriOSDevUITests;
			sourceTree = "<group>";
		};
		569A07782B200384004AA63A /* App */ = {
			isa = PBXGroup;
			children = (
				569A074E2B1FD23D004AA63A /* RuytheriOSDevApp.swift */,
				569A078E2B2008FF004AA63A /* Delegates */,
			);
			path = App;
			sourceTree = "<group>";
		};
		569A07792B200395004AA63A /* Resources */ = {
			isa = PBXGroup;
			children = (
				569A07522B1FD23E004AA63A /* Assets.xcassets */,
				569A077B2B2003C9004AA63A /* Sounds Effects */,
				569A077A2B2003B2004AA63A /* JSON */,
			);
			path = Resources;
			sourceTree = "<group>";
		};
		569A077A2B2003B2004AA63A /* JSON */ = {
			isa = PBXGroup;
			children = (
				569A07802B2004BD004AA63A /* about-me.json */,
			);
			path = JSON;
			sourceTree = "<group>";
		};
		569A077B2B2003C9004AA63A /* Sounds Effects */ = {
			isa = PBXGroup;
			children = (
				569A077C2B2003E7004AA63A /* click.wav */,
				569A077D2B2003E7004AA63A /* pop-up.wav */,
			);
			path = "Sounds Effects";
			sourceTree = "<group>";
		};
		569A07822B2004E1004AA63A /* Infrastructure */ = {
			isa = PBXGroup;
			children = (
			);
			path = Infrastructure;
			sourceTree = "<group>";
		};
		569A07832B200514004AA63A /* Data */ = {
			isa = PBXGroup;
			children = (
			);
			path = Data;
			sourceTree = "<group>";
		};
		569A07842B20051C004AA63A /* Presentation */ = {
			isa = PBXGroup;
			children = (
				569A07892B20058C004AA63A /* Common */,
				569A07852B200538004AA63A /* Features */,
			);
			path = Presentation;
			sourceTree = "<group>";
		};
		569A07852B200538004AA63A /* Features */ = {
			isa = PBXGroup;
			children = (
				569A07972B201609004AA63A /* Tab */,
				569A07862B20056F004AA63A /* AboutMe */,
			);
			path = Features;
			sourceTree = "<group>";
		};
		569A07862B20056F004AA63A /* AboutMe */ = {
			isa = PBXGroup;
			children = (
				569A07882B200580004AA63A /* ViewModel */,
				569A07872B20057B004AA63A /* View */,
			);
			path = AboutMe;
			sourceTree = "<group>";
		};
		569A07872B20057B004AA63A /* View */ = {
			isa = PBXGroup;
			children = (
				569A07502B1FD23D004AA63A /* ContentView.swift */,
			);
			path = View;
			sourceTree = "<group>";
		};
		569A07882B200580004AA63A /* ViewModel */ = {
			isa = PBXGroup;
			children = (
			);
			path = ViewModel;
			sourceTree = "<group>";
		};
		569A07892B20058C004AA63A /* Common */ = {
			isa = PBXGroup;
			children = (
				569A07982B201614004AA63A /* Extensions */,
			);
			path = Common;
			sourceTree = "<group>";
		};
		569A078E2B2008FF004AA63A /* Delegates */ = {
			isa = PBXGroup;
			children = (
				569A07902B200917004AA63A /* AppDelegate.swift */,
				569A07922B200924004AA63A /* SceneDelegate.swift */,
			);
			path = Delegates;
			sourceTree = "<group>";
		};
		569A07972B201609004AA63A /* Tab */ = {
			isa = PBXGroup;
			children = (
				569A07A02B202241004AA63A /* ViewModel */,
				569A07A12B202247004AA63A /* View */,
			);
			path = Tab;
			sourceTree = "<group>";
		};
		569A07982B201614004AA63A /* Extensions */ = {
			isa = PBXGroup;
			children = (
				569A07992B201624004AA63A /* View+Extension.swift */,
				569A079B2B20163D004AA63A /* TabView+Extension.swift */,
			);
			path = Extensions;
			sourceTree = "<group>";
		};
		569A07A02B202241004AA63A /* ViewModel */ = {
			isa = PBXGroup;
			children = (
				569A078C2B20061D004AA63A /* ParentViewModel.swift */,
			);
			path = ViewModel;
			sourceTree = "<group>";
		};
		569A07A12B202247004AA63A /* View */ = {
			isa = PBXGroup;
			children = (
				569A07952B2009A3004AA63A /* CustomTabView.swift */,
				569A078A2B2005F2004AA63A /* ParentView.swift */,
			);
			path = View;
			sourceTree = "<group>";
		};
/* End PBXGroup section */

/* Begin PBXNativeTarget section */
		569A074A2B1FD23D004AA63A /* RuytheriOSDev */ = {
			isa = PBXNativeTarget;
			buildConfigurationList = 569A076F2B1FD23F004AA63A /* Build configuration list for PBXNativeTarget "RuytheriOSDev" */;
			buildPhases = (
				569A07472B1FD23D004AA63A /* Sources */,
				569A07482B1FD23D004AA63A /* Frameworks */,
				569A07492B1FD23D004AA63A /* Resources */,
			);
			buildRules = (
			);
			dependencies = (
			);
			name = RuytheriOSDev;
			productName = RuytheriOSDev;
			productReference = 569A074B2B1FD23D004AA63A /* RuytheriOSDev.app */;
			productType = "com.apple.product-type.application";
		};
		569A075A2B1FD23F004AA63A /* RuytheriOSDevTests */ = {
			isa = PBXNativeTarget;
			buildConfigurationList = 569A07722B1FD23F004AA63A /* Build configuration list for PBXNativeTarget "RuytheriOSDevTests" */;
			buildPhases = (
				569A07572B1FD23F004AA63A /* Sources */,
				569A07582B1FD23F004AA63A /* Frameworks */,
				569A07592B1FD23F004AA63A /* Resources */,
			);
			buildRules = (
			);
			dependencies = (
				569A075D2B1FD23F004AA63A /* PBXTargetDependency */,
			);
			name = RuytheriOSDevTests;
			productName = RuytheriOSDevTests;
			productReference = 569A075B2B1FD23F004AA63A /* RuytheriOSDevTests.xctest */;
			productType = "com.apple.product-type.bundle.unit-test";
		};
		569A07642B1FD23F004AA63A /* RuytheriOSDevUITests */ = {
			isa = PBXNativeTarget;
			buildConfigurationList = 569A07752B1FD23F004AA63A /* Build configuration list for PBXNativeTarget "RuytheriOSDevUITests" */;
			buildPhases = (
				569A07612B1FD23F004AA63A /* Sources */,
				569A07622B1FD23F004AA63A /* Frameworks */,
				569A07632B1FD23F004AA63A /* Resources */,
			);
			buildRules = (
			);
			dependencies = (
				569A07672B1FD23F004AA63A /* PBXTargetDependency */,
			);
			name = RuytheriOSDevUITests;
			productName = RuytheriOSDevUITests;
			productReference = 569A07652B1FD23F004AA63A /* RuytheriOSDevUITests.xctest */;
			productType = "com.apple.product-type.bundle.ui-testing";
		};
/* End PBXNativeTarget section */

/* Begin PBXProject section */
		569A07432B1FD23D004AA63A /* Project object */ = {
			isa = PBXProject;
			attributes = {
				BuildIndependentTargetsInParallel = 1;
				LastSwiftUpdateCheck = 1500;
				LastUpgradeCheck = 1500;
				TargetAttributes = {
					569A074A2B1FD23D004AA63A = {
						CreatedOnToolsVersion = 15.0.1;
					};
					569A075A2B1FD23F004AA63A = {
						CreatedOnToolsVersion = 15.0.1;
						TestTargetID = 569A074A2B1FD23D004AA63A;
					};
					569A07642B1FD23F004AA63A = {
						CreatedOnToolsVersion = 15.0.1;
						TestTargetID = 569A074A2B1FD23D004AA63A;
					};
				};
			};
			buildConfigurationList = 569A07462B1FD23D004AA63A /* Build configuration list for PBXProject "RuytheriOSDev" */;
			compatibilityVersion = "Xcode 14.0";
			developmentRegion = en;
			hasScannedForEncodings = 0;
			knownRegions = (
				en,
				Base,
			);
			mainGroup = 569A07422B1FD23D004AA63A;
			productRefGroup = 569A074C2B1FD23D004AA63A /* Products */;
			projectDirPath = "";
			projectRoot = "";
			targets = (
				569A074A2B1FD23D004AA63A /* RuytheriOSDev */,
				569A075A2B1FD23F004AA63A /* RuytheriOSDevTests */,
				569A07642B1FD23F004AA63A /* RuytheriOSDevUITests */,
			);
		};
/* End PBXProject section */

/* Begin PBXResourcesBuildPhase section */
		569A07492B1FD23D004AA63A /* Resources */ = {
			isa = PBXResourcesBuildPhase;
			buildActionMask = 2147483647;
			files = (
				569A07812B2004BD004AA63A /* about-me.json in Resources */,
				569A077E2B2003E7004AA63A /* click.wav in Resources */,
				569A07562B1FD23E004AA63A /* Preview Assets.xcassets in Resources */,
				569A07532B1FD23E004AA63A /* Assets.xcassets in Resources */,
				569A077F2B2003E7004AA63A /* pop-up.wav in Resources */,
			);
			runOnlyForDeploymentPostprocessing = 0;
		};
		569A07592B1FD23F004AA63A /* Resources */ = {
			isa = PBXResourcesBuildPhase;
			buildActionMask = 2147483647;
			files = (
			);
			runOnlyForDeploymentPostprocessing = 0;
		};
		569A07632B1FD23F004AA63A /* Resources */ = {
			isa = PBXResourcesBuildPhase;
			buildActionMask = 2147483647;
			files = (
			);
			runOnlyForDeploymentPostprocessing = 0;
		};
/* End PBXResourcesBuildPhase section */

/* Begin PBXSourcesBuildPhase section */
		569A07472B1FD23D004AA63A /* Sources */ = {
			isa = PBXSourcesBuildPhase;
			buildActionMask = 2147483647;
			files = (
				569A078D2B20061D004AA63A /* ParentViewModel.swift in Sources */,
				569A07512B1FD23D004AA63A /* ContentView.swift in Sources */,
				569A079C2B20163D004AA63A /* TabView+Extension.swift in Sources */,
				569A079A2B201624004AA63A /* View+Extension.swift in Sources */,
				569A078B2B2005F2004AA63A /* ParentView.swift in Sources */,
				569A07912B200917004AA63A /* AppDelegate.swift in Sources */,
				569A074F2B1FD23D004AA63A /* RuytheriOSDevApp.swift in Sources */,
				569A07932B200924004AA63A /* SceneDelegate.swift in Sources */,
				569A07962B2009A3004AA63A /* CustomTabView.swift in Sources */,
			);
			runOnlyForDeploymentPostprocessing = 0;
		};
		569A07572B1FD23F004AA63A /* Sources */ = {
			isa = PBXSourcesBuildPhase;
			buildActionMask = 2147483647;
			files = (
				569A07602B1FD23F004AA63A /* RuytheriOSDevTests.swift in Sources */,
			);
			runOnlyForDeploymentPostprocessing = 0;
		};
		569A07612B1FD23F004AA63A /* Sources */ = {
			isa = PBXSourcesBuildPhase;
			buildActionMask = 2147483647;
			files = (
				569A076C2B1FD23F004AA63A /* RuytheriOSDevUITestsLaunchTests.swift in Sources */,
				569A076A2B1FD23F004AA63A /* RuytheriOSDevUITests.swift in Sources */,
			);
			runOnlyForDeploymentPostprocessing = 0;
		};
/* End PBXSourcesBuildPhase section */

/* Begin PBXTargetDependency section */
		569A075D2B1FD23F004AA63A /* PBXTargetDependency */ = {
			isa = PBXTargetDependency;
			target = 569A074A2B1FD23D004AA63A /* RuytheriOSDev */;
			targetProxy = 569A075C2B1FD23F004AA63A /* PBXContainerItemProxy */;
		};
		569A07672B1FD23F004AA63A /* PBXTargetDependency */ = {
			isa = PBXTargetDependency;
			target = 569A074A2B1FD23D004AA63A /* RuytheriOSDev */;
			targetProxy = 569A07662B1FD23F004AA63A /* PBXContainerItemProxy */;
		};
/* End PBXTargetDependency section */

/* Begin XCBuildConfiguration section */
		569A076D2B1FD23F004AA63A /* Debug */ = {
			isa = XCBuildConfiguration;
			buildSettings = {
				ALWAYS_SEARCH_USER_PATHS = NO;
				ASSETCATALOG_COMPILER_GENERATE_SWIFT_ASSET_SYMBOL_EXTENSIONS = YES;
				CLANG_ANALYZER_NONNULL = YES;
				CLANG_ANALYZER_NUMBER_OBJECT_CONVERSION = YES_AGGRESSIVE;
				CLANG_CXX_LANGUAGE_STANDARD = "gnu++20";
				CLANG_ENABLE_MODULES = YES;
				CLANG_ENABLE_OBJC_ARC = YES;
				CLANG_ENABLE_OBJC_WEAK = YES;
				CLANG_WARN_BLOCK_CAPTURE_AUTORELEASING = YES;
				CLANG_WARN_BOOL_CONVERSION = YES;
				CLANG_WARN_COMMA = YES;
				CLANG_WARN_CONSTANT_CONVERSION = YES;
				CLANG_WARN_DEPRECATED_OBJC_IMPLEMENTATIONS = YES;
				CLANG_WARN_DIRECT_OBJC_ISA_USAGE = YES_ERROR;
				CLANG_WARN_DOCUMENTATION_COMMENTS = YES;
				CLANG_WARN_EMPTY_BODY = YES;
				CLANG_WARN_ENUM_CONVERSION = YES;
				CLANG_WARN_INFINITE_RECURSION = YES;
				CLANG_WARN_INT_CONVERSION = YES;
				CLANG_WARN_NON_LITERAL_NULL_CONVERSION = YES;
				CLANG_WARN_OBJC_IMPLICIT_RETAIN_SELF = YES;
				CLANG_WARN_OBJC_LITERAL_CONVERSION = YES;
				CLANG_WARN_OBJC_ROOT_CLASS = YES_ERROR;
				CLANG_WARN_QUOTED_INCLUDE_IN_FRAMEWORK_HEADER = YES;
				CLANG_WARN_RANGE_LOOP_ANALYSIS = YES;
				CLANG_WARN_STRICT_PROTOTYPES = YES;
				CLANG_WARN_SUSPICIOUS_MOVE = YES;
				CLANG_WARN_UNGUARDED_AVAILABILITY = YES_AGGRESSIVE;
				CLANG_WARN_UNREACHABLE_CODE = YES;
				CLANG_WARN__DUPLICATE_METHOD_MATCH = YES;
				COPY_PHASE_STRIP = NO;
				DEBUG_INFORMATION_FORMAT = dwarf;
				ENABLE_STRICT_OBJC_MSGSEND = YES;
				ENABLE_TESTABILITY = YES;
				ENABLE_USER_SCRIPT_SANDBOXING = YES;
				GCC_C_LANGUAGE_STANDARD = gnu17;
				GCC_DYNAMIC_NO_PIC = NO;
				GCC_NO_COMMON_BLOCKS = YES;
				GCC_OPTIMIZATION_LEVEL = 0;
				GCC_PREPROCESSOR_DEFINITIONS = (
					"DEBUG=1",
					"$(inherited)",
				);
				GCC_WARN_64_TO_32_BIT_CONVERSION = YES;
				GCC_WARN_ABOUT_RETURN_TYPE = YES_ERROR;
				GCC_WARN_UNDECLARED_SELECTOR = YES;
				GCC_WARN_UNINITIALIZED_AUTOS = YES_AGGRESSIVE;
				GCC_WARN_UNUSED_FUNCTION = YES;
				GCC_WARN_UNUSED_VARIABLE = YES;
				IPHONEOS_DEPLOYMENT_TARGET = 17.0;
				LOCALIZATION_PREFERS_STRING_CATALOGS = YES;
				MTL_ENABLE_DEBUG_INFO = INCLUDE_SOURCE;
				MTL_FAST_MATH = YES;
				ONLY_ACTIVE_ARCH = YES;
				SDKROOT = iphoneos;
				SWIFT_ACTIVE_COMPILATION_CONDITIONS = "DEBUG $(inherited)";
				SWIFT_OPTIMIZATION_LEVEL = "-Onone";
			};
			name = Debug;
		};
		569A076E2B1FD23F004AA63A /* Release */ = {
			isa = XCBuildConfiguration;
			buildSettings = {
				ALWAYS_SEARCH_USER_PATHS = NO;
				ASSETCATALOG_COMPILER_GENERATE_SWIFT_ASSET_SYMBOL_EXTENSIONS = YES;
				CLANG_ANALYZER_NONNULL = YES;
				CLANG_ANALYZER_NUMBER_OBJECT_CONVERSION = YES_AGGRESSIVE;
				CLANG_CXX_LANGUAGE_STANDARD = "gnu++20";
				CLANG_ENABLE_MODULES = YES;
				CLANG_ENABLE_OBJC_ARC = YES;
				CLANG_ENABLE_OBJC_WEAK = YES;
				CLANG_WARN_BLOCK_CAPTURE_AUTORELEASING = YES;
				CLANG_WARN_BOOL_CONVERSION = YES;
				CLANG_WARN_COMMA = YES;
				CLANG_WARN_CONSTANT_CONVERSION = YES;
				CLANG_WARN_DEPRECATED_OBJC_IMPLEMENTATIONS = YES;
				CLANG_WARN_DIRECT_OBJC_ISA_USAGE = YES_ERROR;
				CLANG_WARN_DOCUMENTATION_COMMENTS = YES;
				CLANG_WARN_EMPTY_BODY = YES;
				CLANG_WARN_ENUM_CONVERSION = YES;
				CLANG_WARN_INFINITE_RECURSION = YES;
				CLANG_WARN_INT_CONVERSION = YES;
				CLANG_WARN_NON_LITERAL_NULL_CONVERSION = YES;
				CLANG_WARN_OBJC_IMPLICIT_RETAIN_SELF = YES;
				CLANG_WARN_OBJC_LITERAL_CONVERSION = YES;
				CLANG_WARN_OBJC_ROOT_CLASS = YES_ERROR;
				CLANG_WARN_QUOTED_INCLUDE_IN_FRAMEWORK_HEADER = YES;
				CLANG_WARN_RANGE_LOOP_ANALYSIS = YES;
				CLANG_WARN_STRICT_PROTOTYPES = YES;
				CLANG_WARN_SUSPICIOUS_MOVE = YES;
				CLANG_WARN_UNGUARDED_AVAILABILITY = YES_AGGRESSIVE;
				CLANG_WARN_UNREACHABLE_CODE = YES;
				CLANG_WARN__DUPLICATE_METHOD_MATCH = YES;
				COPY_PHASE_STRIP = NO;
				DEBUG_INFORMATION_FORMAT = "dwarf-with-dsym";
				ENABLE_NS_ASSERTIONS = NO;
				ENABLE_STRICT_OBJC_MSGSEND = YES;
				ENABLE_USER_SCRIPT_SANDBOXING = YES;
				GCC_C_LANGUAGE_STANDARD = gnu17;
				GCC_NO_COMMON_BLOCKS = YES;
				GCC_WARN_64_TO_32_BIT_CONVERSION = YES;
				GCC_WARN_ABOUT_RETURN_TYPE = YES_ERROR;
				GCC_WARN_UNDECLARED_SELECTOR = YES;
				GCC_WARN_UNINITIALIZED_AUTOS = YES_AGGRESSIVE;
				GCC_WARN_UNUSED_FUNCTION = YES;
				GCC_WARN_UNUSED_VARIABLE = YES;
				IPHONEOS_DEPLOYMENT_TARGET = 17.0;
				LOCALIZATION_PREFERS_STRING_CATALOGS = YES;
				MTL_ENABLE_DEBUG_INFO = NO;
				MTL_FAST_MATH = YES;
				SDKROOT = iphoneos;
				SWIFT_COMPILATION_MODE = wholemodule;
				VALIDATE_PRODUCT = YES;
			};
			name = Release;
		};
		569A07702B1FD23F004AA63A /* Debug */ = {
			isa = XCBuildConfiguration;
			buildSettings = {
				ASSETCATALOG_COMPILER_APPICON_NAME = AppIcon;
				ASSETCATALOG_COMPILER_GLOBAL_ACCENT_COLOR_NAME = AccentColor;
				CODE_SIGN_STYLE = Automatic;
				CURRENT_PROJECT_VERSION = 1;
				DEVELOPMENT_ASSET_PATHS = "\"RuytheriOSDev/Preview Content\"";
				DEVELOPMENT_TEAM = CSD6NA874L;
				ENABLE_PREVIEWS = YES;
				GENERATE_INFOPLIST_FILE = YES;
				INFOPLIST_KEY_CFBundleDisplayName = RuytheriOSDev;
				INFOPLIST_KEY_LSApplicationCategoryType = "public.app-category.social-networking";
				INFOPLIST_KEY_UIApplicationSceneManifest_Generation = YES;
				INFOPLIST_KEY_UIApplicationSupportsIndirectInputEvents = YES;
				INFOPLIST_KEY_UILaunchScreen_Generation = YES;
				INFOPLIST_KEY_UISupportedInterfaceOrientations = UIInterfaceOrientationPortrait;
				LD_RUNPATH_SEARCH_PATHS = (
					"$(inherited)",
					"@executable_path/Frameworks",
				);
				MARKETING_VERSION = 1.0;
				PRODUCT_BUNDLE_IDENTIFIER = com.themakew.RuytheriOSDev;
				PRODUCT_NAME = "$(TARGET_NAME)";
				SUPPORTED_PLATFORMS = "iphoneos iphonesimulator macosx";
				SUPPORTS_MACCATALYST = NO;
				SUPPORTS_MAC_DESIGNED_FOR_IPHONE_IPAD = NO;
				SWIFT_EMIT_LOC_STRINGS = YES;
				SWIFT_VERSION = 5.0;
				TARGETED_DEVICE_FAMILY = 1;
			};
			name = Debug;
		};
		569A07712B1FD23F004AA63A /* Release */ = {
			isa = XCBuildConfiguration;
			buildSettings = {
				ASSETCATALOG_COMPILER_APPICON_NAME = AppIcon;
				ASSETCATALOG_COMPILER_GLOBAL_ACCENT_COLOR_NAME = AccentColor;
				CODE_SIGN_STYLE = Automatic;
				CURRENT_PROJECT_VERSION = 1;
				DEVELOPMENT_ASSET_PATHS = "\"RuytheriOSDev/Preview Content\"";
				DEVELOPMENT_TEAM = CSD6NA874L;
				ENABLE_PREVIEWS = YES;
				GENERATE_INFOPLIST_FILE = YES;
				INFOPLIST_KEY_CFBundleDisplayName = RuytheriOSDev;
				INFOPLIST_KEY_LSApplicationCategoryType = "public.app-category.social-networking";
				INFOPLIST_KEY_UIApplicationSceneManifest_Generation = YES;
				INFOPLIST_KEY_UIApplicationSupportsIndirectInputEvents = YES;
				INFOPLIST_KEY_UILaunchScreen_Generation = YES;
				INFOPLIST_KEY_UISupportedInterfaceOrientations = UIInterfaceOrientationPortrait;
				LD_RUNPATH_SEARCH_PATHS = (
					"$(inherited)",
					"@executable_path/Frameworks",
				);
				MARKETING_VERSION = 1.0;
				PRODUCT_BUNDLE_IDENTIFIER = com.themakew.RuytheriOSDev;
				PRODUCT_NAME = "$(TARGET_NAME)";
				SUPPORTED_PLATFORMS = "iphoneos iphonesimulator macosx";
				SUPPORTS_MACCATALYST = NO;
				SUPPORTS_MAC_DESIGNED_FOR_IPHONE_IPAD = NO;
				SWIFT_EMIT_LOC_STRINGS = YES;
				SWIFT_VERSION = 5.0;
				TARGETED_DEVICE_FAMILY = 1;
			};
			name = Release;
		};
		569A07732B1FD23F004AA63A /* Debug */ = {
			isa = XCBuildConfiguration;
			buildSettings = {
				ALWAYS_EMBED_SWIFT_STANDARD_LIBRARIES = YES;
				BUNDLE_LOADER = "$(TEST_HOST)";
				CODE_SIGN_STYLE = Automatic;
				CURRENT_PROJECT_VERSION = 1;
				DEVELOPMENT_TEAM = CSD6NA874L;
				GENERATE_INFOPLIST_FILE = YES;
				IPHONEOS_DEPLOYMENT_TARGET = 17.0;
				MARKETING_VERSION = 1.0;
				PRODUCT_BUNDLE_IDENTIFIER = com.themakew.RuytheriOSDevTests;
				PRODUCT_NAME = "$(TARGET_NAME)";
				SWIFT_EMIT_LOC_STRINGS = NO;
				SWIFT_VERSION = 5.0;
				TARGETED_DEVICE_FAMILY = "1,2";
				TEST_HOST = "$(BUILT_PRODUCTS_DIR)/RuytheriOSDev.app/$(BUNDLE_EXECUTABLE_FOLDER_PATH)/RuytheriOSDev";
			};
			name = Debug;
		};
		569A07742B1FD23F004AA63A /* Release */ = {
			isa = XCBuildConfiguration;
			buildSettings = {
				ALWAYS_EMBED_SWIFT_STANDARD_LIBRARIES = YES;
				BUNDLE_LOADER = "$(TEST_HOST)";
				CODE_SIGN_STYLE = Automatic;
				CURRENT_PROJECT_VERSION = 1;
				DEVELOPMENT_TEAM = CSD6NA874L;
				GENERATE_INFOPLIST_FILE = YES;
				IPHONEOS_DEPLOYMENT_TARGET = 17.0;
				MARKETING_VERSION = 1.0;
				PRODUCT_BUNDLE_IDENTIFIER = com.themakew.RuytheriOSDevTests;
				PRODUCT_NAME = "$(TARGET_NAME)";
				SWIFT_EMIT_LOC_STRINGS = NO;
				SWIFT_VERSION = 5.0;
				TARGETED_DEVICE_FAMILY = "1,2";
				TEST_HOST = "$(BUILT_PRODUCTS_DIR)/RuytheriOSDev.app/$(BUNDLE_EXECUTABLE_FOLDER_PATH)/RuytheriOSDev";
			};
			name = Release;
		};
		569A07762B1FD23F004AA63A /* Debug */ = {
			isa = XCBuildConfiguration;
			buildSettings = {
				ALWAYS_EMBED_SWIFT_STANDARD_LIBRARIES = YES;
				CODE_SIGN_STYLE = Automatic;
				CURRENT_PROJECT_VERSION = 1;
				DEVELOPMENT_TEAM = CSD6NA874L;
				GENERATE_INFOPLIST_FILE = YES;
				MARKETING_VERSION = 1.0;
				PRODUCT_BUNDLE_IDENTIFIER = com.themakew.RuytheriOSDevUITests;
				PRODUCT_NAME = "$(TARGET_NAME)";
				SWIFT_EMIT_LOC_STRINGS = NO;
				SWIFT_VERSION = 5.0;
				TARGETED_DEVICE_FAMILY = "1,2";
				TEST_TARGET_NAME = RuytheriOSDev;
			};
			name = Debug;
		};
		569A07772B1FD23F004AA63A /* Release */ = {
			isa = XCBuildConfiguration;
			buildSettings = {
				ALWAYS_EMBED_SWIFT_STANDARD_LIBRARIES = YES;
				CODE_SIGN_STYLE = Automatic;
				CURRENT_PROJECT_VERSION = 1;
				DEVELOPMENT_TEAM = CSD6NA874L;
				GENERATE_INFOPLIST_FILE = YES;
				MARKETING_VERSION = 1.0;
				PRODUCT_BUNDLE_IDENTIFIER = com.themakew.RuytheriOSDevUITests;
				PRODUCT_NAME = "$(TARGET_NAME)";
				SWIFT_EMIT_LOC_STRINGS = NO;
				SWIFT_VERSION = 5.0;
				TARGETED_DEVICE_FAMILY = "1,2";
				TEST_TARGET_NAME = RuytheriOSDev;
			};
			name = Release;
		};
/* End XCBuildConfiguration section */

/* Begin XCConfigurationList section */
		569A07462B1FD23D004AA63A /* Build configuration list for PBXProject "RuytheriOSDev" */ = {
			isa = XCConfigurationList;
			buildConfigurations = (
				569A076D2B1FD23F004AA63A /* Debug */,
				569A076E2B1FD23F004AA63A /* Release */,
			);
			defaultConfigurationIsVisible = 0;
			defaultConfigurationName = Release;
		};
		569A076F2B1FD23F004AA63A /* Build configuration list for PBXNativeTarget "RuytheriOSDev" */ = {
			isa = XCConfigurationList;
			buildConfigurations = (
				569A07702B1FD23F004AA63A /* Debug */,
				569A07712B1FD23F004AA63A /* Release */,
			);
			defaultConfigurationIsVisible = 0;
			defaultConfigurationName = Release;
		};
		569A07722B1FD23F004AA63A /* Build configuration list for PBXNativeTarget "RuytheriOSDevTests" */ = {
			isa = XCConfigurationList;
			buildConfigurations = (
				569A07732B1FD23F004AA63A /* Debug */,
				569A07742B1FD23F004AA63A /* Release */,
			);
			defaultConfigurationIsVisible = 0;
			defaultConfigurationName = Release;
		};
		569A07752B1FD23F004AA63A /* Build configuration list for PBXNativeTarget "RuytheriOSDevUITests" */ = {
			isa = XCConfigurationList;
			buildConfigurations = (
				569A07762B1FD23F004AA63A /* Debug */,
				569A07772B1FD23F004AA63A /* Release */,
			);
			defaultConfigurationIsVisible = 0;
			defaultConfigurationName = Release;
		};
/* End XCConfigurationList section */
	};
	rootObject = 569A07432B1FD23D004AA63A /* Project object */;
}
