// !$*UTF8*$!
{
	archiveVersion = 1;
	classes = {
	};
	objectVersion = 56;
	objects = {

/* Begin PBXBuildFile section */
		561E34A42B27E05A004BAA08 /* BubbleView.swift in Sources */ = {isa = PBXBuildFile; fileRef = 561E34A32B27E05A004BAA08 /* BubbleView.swift */; };
		56348AE02B2A2A84002EFBD3 /* EducationSheetViewModel.swift in Sources */ = {isa = PBXBuildFile; fileRef = 56348ADF2B2A2A84002EFBD3 /* EducationSheetViewModel.swift */; };
		56348AE22B2A2A94002EFBD3 /* EducationSheetView.swift in Sources */ = {isa = PBXBuildFile; fileRef = 56348AE12B2A2A94002EFBD3 /* EducationSheetView.swift */; };
		56348AE52B2A3CA5002EFBD3 /* SectionView.swift in Sources */ = {isa = PBXBuildFile; fileRef = 56348AE42B2A3CA5002EFBD3 /* SectionView.swift */; };
		56348AE82B2A3EB2002EFBD3 /* EducationRowView.swift in Sources */ = {isa = PBXBuildFile; fileRef = 56348AE72B2A3EB2002EFBD3 /* EducationRowView.swift */; };
		56348AEA2B2A5DD3002EFBD3 /* CertificateRowView.swift in Sources */ = {isa = PBXBuildFile; fileRef = 56348AE92B2A5DD3002EFBD3 /* CertificateRowView.swift */; };
		566A4D5B2B20DD6B00008EEE /* TabBarButton.swift in Sources */ = {isa = PBXBuildFile; fileRef = 566A4D5A2B20DD6B00008EEE /* TabBarButton.swift */; };
		566A4D5D2B20F7CE00008EEE /* AboutMeBaseViewModel.swift in Sources */ = {isa = PBXBuildFile; fileRef = 566A4D5C2B20F7CE00008EEE /* AboutMeBaseViewModel.swift */; };
		566A4D632B21046400008EEE /* AboutMeSheetViewModel.swift in Sources */ = {isa = PBXBuildFile; fileRef = 566A4D622B21046400008EEE /* AboutMeSheetViewModel.swift */; };
		566A4D652B21046E00008EEE /* AboutMeSheetView.swift in Sources */ = {isa = PBXBuildFile; fileRef = 566A4D642B21046E00008EEE /* AboutMeSheetView.swift */; };
		5693092C2B238BAA00C84DE8 /* LocationRowView.swift in Sources */ = {isa = PBXBuildFile; fileRef = 5693092B2B238BAA00C84DE8 /* LocationRowView.swift */; };
		569309352B24331900C84DE8 /* CareerGoalsBaseViewModel.swift in Sources */ = {isa = PBXBuildFile; fileRef = 569309342B24331900C84DE8 /* CareerGoalsBaseViewModel.swift */; };
		5693093F2B243C3400C84DE8 /* EducationBaseViewModel.swift in Sources */ = {isa = PBXBuildFile; fileRef = 5693093E2B243C3400C84DE8 /* EducationBaseViewModel.swift */; };
		569309412B243C4600C84DE8 /* ExperienceBaseViewModel.swift in Sources */ = {isa = PBXBuildFile; fileRef = 569309402B243C4600C84DE8 /* ExperienceBaseViewModel.swift */; };
		569309432B243C5400C84DE8 /* PassionBaseViewModel.swift in Sources */ = {isa = PBXBuildFile; fileRef = 569309422B243C5400C84DE8 /* PassionBaseViewModel.swift */; };
		569A074F2B1FD23D004AA63A /* RuytheriOSDevApp.swift in Sources */ = {isa = PBXBuildFile; fileRef = 569A074E2B1FD23D004AA63A /* RuytheriOSDevApp.swift */; };
		569A07512B1FD23D004AA63A /* TabBackgroundView.swift in Sources */ = {isa = PBXBuildFile; fileRef = 569A07502B1FD23D004AA63A /* TabBackgroundView.swift */; };
		569A07532B1FD23E004AA63A /* Assets.xcassets in Resources */ = {isa = PBXBuildFile; fileRef = 569A07522B1FD23E004AA63A /* Assets.xcassets */; };
		569A07562B1FD23E004AA63A /* Preview Assets.xcassets in Resources */ = {isa = PBXBuildFile; fileRef = 569A07552B1FD23E004AA63A /* Preview Assets.xcassets */; };
		569A07602B1FD23F004AA63A /* RuytheriOSDevTests.swift in Sources */ = {isa = PBXBuildFile; fileRef = 569A075F2B1FD23F004AA63A /* RuytheriOSDevTests.swift */; };
		569A076A2B1FD23F004AA63A /* RuytheriOSDevUITests.swift in Sources */ = {isa = PBXBuildFile; fileRef = 569A07692B1FD23F004AA63A /* RuytheriOSDevUITests.swift */; };
		569A076C2B1FD23F004AA63A /* RuytheriOSDevUITestsLaunchTests.swift in Sources */ = {isa = PBXBuildFile; fileRef = 569A076B2B1FD23F004AA63A /* RuytheriOSDevUITestsLaunchTests.swift */; };
		569A077E2B2003E7004AA63A /* click.wav in Resources */ = {isa = PBXBuildFile; fileRef = 569A077C2B2003E7004AA63A /* click.wav */; };
		569A077F2B2003E7004AA63A /* pop-up.wav in Resources */ = {isa = PBXBuildFile; fileRef = 569A077D2B2003E7004AA63A /* pop-up.wav */; };
		569A07812B2004BD004AA63A /* about-me.json in Resources */ = {isa = PBXBuildFile; fileRef = 569A07802B2004BD004AA63A /* about-me.json */; };
		569A078B2B2005F2004AA63A /* BaseTabView.swift in Sources */ = {isa = PBXBuildFile; fileRef = 569A078A2B2005F2004AA63A /* BaseTabView.swift */; };
		569A078D2B20061D004AA63A /* BaseTabViewModel.swift in Sources */ = {isa = PBXBuildFile; fileRef = 569A078C2B20061D004AA63A /* BaseTabViewModel.swift */; };
		569A07912B200917004AA63A /* AppDelegate.swift in Sources */ = {isa = PBXBuildFile; fileRef = 569A07902B200917004AA63A /* AppDelegate.swift */; };
		569A07932B200924004AA63A /* SceneDelegate.swift in Sources */ = {isa = PBXBuildFile; fileRef = 569A07922B200924004AA63A /* SceneDelegate.swift */; };
		569A07962B2009A3004AA63A /* CustomTabView.swift in Sources */ = {isa = PBXBuildFile; fileRef = 569A07952B2009A3004AA63A /* CustomTabView.swift */; };
		569A079A2B201624004AA63A /* View+Extension.swift in Sources */ = {isa = PBXBuildFile; fileRef = 569A07992B201624004AA63A /* View+Extension.swift */; };
		569A079C2B20163D004AA63A /* TabView+Extension.swift in Sources */ = {isa = PBXBuildFile; fileRef = 569A079B2B20163D004AA63A /* TabView+Extension.swift */; };
		569A07AC2B202924004AA63A /* Nunito-Bold.ttf in Resources */ = {isa = PBXBuildFile; fileRef = 569A07A42B202924004AA63A /* Nunito-Bold.ttf */; };
		569A07AD2B202924004AA63A /* Nunito-ExtraLight.ttf in Resources */ = {isa = PBXBuildFile; fileRef = 569A07A52B202924004AA63A /* Nunito-ExtraLight.ttf */; };
		569A07AE2B202924004AA63A /* Nunito-SemiBold.ttf in Resources */ = {isa = PBXBuildFile; fileRef = 569A07A62B202924004AA63A /* Nunito-SemiBold.ttf */; };
		569A07AF2B202924004AA63A /* Nunito-Medium.ttf in Resources */ = {isa = PBXBuildFile; fileRef = 569A07A72B202924004AA63A /* Nunito-Medium.ttf */; };
		569A07B02B202924004AA63A /* Nunito-Regular.ttf in Resources */ = {isa = PBXBuildFile; fileRef = 569A07A82B202924004AA63A /* Nunito-Regular.ttf */; };
		569A07B12B202924004AA63A /* Nunito-Light.ttf in Resources */ = {isa = PBXBuildFile; fileRef = 569A07A92B202924004AA63A /* Nunito-Light.ttf */; };
		569A07B22B202924004AA63A /* Nunito-ExtraBold.ttf in Resources */ = {isa = PBXBuildFile; fileRef = 569A07AA2B202924004AA63A /* Nunito-ExtraBold.ttf */; };
		569A07B32B202924004AA63A /* Nunito-Black.ttf in Resources */ = {isa = PBXBuildFile; fileRef = 569A07AB2B202924004AA63A /* Nunito-Black.ttf */; };
		569A07B62B20294E004AA63A /* Font.swift in Sources */ = {isa = PBXBuildFile; fileRef = 569A07B52B20294E004AA63A /* Font.swift */; };
		569A07BA2B202CE5004AA63A /* AssetColor.swift in Sources */ = {isa = PBXBuildFile; fileRef = 569A07B92B202CE5004AA63A /* AssetColor.swift */; };
		569A07BE2B202F69004AA63A /* ToolbarCustomButton.swift in Sources */ = {isa = PBXBuildFile; fileRef = 569A07BD2B202F69004AA63A /* ToolbarCustomButton.swift */; };
		56B0C0AF2B2A67AB00D0BA90 /* SkillSectionRow.swift in Sources */ = {isa = PBXBuildFile; fileRef = 56B0C0AE2B2A67AB00D0BA90 /* SkillSectionRow.swift */; };
		56B0C0B42B2CB46D00D0BA90 /* ExperienceSheetViewModel.swift in Sources */ = {isa = PBXBuildFile; fileRef = 56B0C0B32B2CB46D00D0BA90 /* ExperienceSheetViewModel.swift */; };
		56B0C0B62B2CB47800D0BA90 /* ExperienceSheetView.swift in Sources */ = {isa = PBXBuildFile; fileRef = 56B0C0B52B2CB47800D0BA90 /* ExperienceSheetView.swift */; };
		56B0C0B92B2CB90500D0BA90 /* ExperienceRowView.swift in Sources */ = {isa = PBXBuildFile; fileRef = 56B0C0B82B2CB90500D0BA90 /* ExperienceRowView.swift */; };
		56B0C0BC2B2CC32100D0BA90 /* BubbleBackgroundView.swift in Sources */ = {isa = PBXBuildFile; fileRef = 56B0C0BB2B2CC32100D0BA90 /* BubbleBackgroundView.swift */; };
		56B0C0C12B2CEE4800D0BA90 /* PassionSheetViewModel.swift in Sources */ = {isa = PBXBuildFile; fileRef = 56B0C0C02B2CEE4800D0BA90 /* PassionSheetViewModel.swift */; };
		56B0C0C32B2CEE5500D0BA90 /* PassionSheetView.swift in Sources */ = {isa = PBXBuildFile; fileRef = 56B0C0C22B2CEE5500D0BA90 /* PassionSheetView.swift */; };
		56E477D02B2553EC0095F408 /* CareerGoalsSheetView.swift in Sources */ = {isa = PBXBuildFile; fileRef = 56E477CF2B2553EC0095F408 /* CareerGoalsSheetView.swift */; };
		56E477D22B2554030095F408 /* CareerGoalsSheetViewModel.swift in Sources */ = {isa = PBXBuildFile; fileRef = 56E477D12B2554030095F408 /* CareerGoalsSheetViewModel.swift */; };
		56E575712B224E130098C9A0 /* BubbleRowView.swift in Sources */ = {isa = PBXBuildFile; fileRef = 56E575702B224E130098C9A0 /* BubbleRowView.swift */; };
		56E575732B224F420098C9A0 /* LanguageRowView.swift in Sources */ = {isa = PBXBuildFile; fileRef = 56E575722B224F420098C9A0 /* LanguageRowView.swift */; };
/* End PBXBuildFile section */

/* Begin PBXContainerItemProxy section */
		569A075C2B1FD23F004AA63A /* PBXContainerItemProxy */ = {
			isa = PBXContainerItemProxy;
			containerPortal = 569A07432B1FD23D004AA63A /* Project object */;
			proxyType = 1;
			remoteGlobalIDString = 569A074A2B1FD23D004AA63A;
			remoteInfo = RuytheriOSDev;
		};
		569A07662B1FD23F004AA63A /* PBXContainerItemProxy */ = {
			isa = PBXContainerItemProxy;
			containerPortal = 569A07432B1FD23D004AA63A /* Project object */;
			proxyType = 1;
			remoteGlobalIDString = 569A074A2B1FD23D004AA63A;
			remoteInfo = RuytheriOSDev;
		};
/* End PBXContainerItemProxy section */

/* Begin PBXFileReference section */
		561E34A32B27E05A004BAA08 /* BubbleView.swift */ = {isa = PBXFileReference; lastKnownFileType = sourcecode.swift; path = BubbleView.swift; sourceTree = "<group>"; };
		56348ADF2B2A2A84002EFBD3 /* EducationSheetViewModel.swift */ = {isa = PBXFileReference; lastKnownFileType = sourcecode.swift; path = EducationSheetViewModel.swift; sourceTree = "<group>"; };
		56348AE12B2A2A94002EFBD3 /* EducationSheetView.swift */ = {isa = PBXFileReference; lastKnownFileType = sourcecode.swift; path = EducationSheetView.swift; sourceTree = "<group>"; };
		56348AE42B2A3CA5002EFBD3 /* SectionView.swift */ = {isa = PBXFileReference; lastKnownFileType = sourcecode.swift; path = SectionView.swift; sourceTree = "<group>"; };
		56348AE72B2A3EB2002EFBD3 /* EducationRowView.swift */ = {isa = PBXFileReference; lastKnownFileType = sourcecode.swift; path = EducationRowView.swift; sourceTree = "<group>"; };
		56348AE92B2A5DD3002EFBD3 /* CertificateRowView.swift */ = {isa = PBXFileReference; lastKnownFileType = sourcecode.swift; path = CertificateRowView.swift; sourceTree = "<group>"; };
		566A4D5A2B20DD6B00008EEE /* TabBarButton.swift */ = {isa = PBXFileReference; lastKnownFileType = sourcecode.swift; path = TabBarButton.swift; sourceTree = "<group>"; };
		566A4D5C2B20F7CE00008EEE /* AboutMeBaseViewModel.swift */ = {isa = PBXFileReference; lastKnownFileType = sourcecode.swift; path = AboutMeBaseViewModel.swift; sourceTree = "<group>"; };
		566A4D622B21046400008EEE /* AboutMeSheetViewModel.swift */ = {isa = PBXFileReference; lastKnownFileType = sourcecode.swift; path = AboutMeSheetViewModel.swift; sourceTree = "<group>"; };
		566A4D642B21046E00008EEE /* AboutMeSheetView.swift */ = {isa = PBXFileReference; lastKnownFileType = sourcecode.swift; path = AboutMeSheetView.swift; sourceTree = "<group>"; };
		5693092B2B238BAA00C84DE8 /* LocationRowView.swift */ = {isa = PBXFileReference; lastKnownFileType = sourcecode.swift; path = LocationRowView.swift; sourceTree = "<group>"; };
		569309342B24331900C84DE8 /* CareerGoalsBaseViewModel.swift */ = {isa = PBXFileReference; lastKnownFileType = sourcecode.swift; path = CareerGoalsBaseViewModel.swift; sourceTree = "<group>"; };
		5693093E2B243C3400C84DE8 /* EducationBaseViewModel.swift */ = {isa = PBXFileReference; lastKnownFileType = sourcecode.swift; path = EducationBaseViewModel.swift; sourceTree = "<group>"; };
		569309402B243C4600C84DE8 /* ExperienceBaseViewModel.swift */ = {isa = PBXFileReference; lastKnownFileType = sourcecode.swift; path = ExperienceBaseViewModel.swift; sourceTree = "<group>"; };
		569309422B243C5400C84DE8 /* PassionBaseViewModel.swift */ = {isa = PBXFileReference; lastKnownFileType = sourcecode.swift; path = PassionBaseViewModel.swift; sourceTree = "<group>"; };
		569A074B2B1FD23D004AA63A /* RuytheriOSDev.app */ = {isa = PBXFileReference; explicitFileType = wrapper.application; includeInIndex = 0; path = RuytheriOSDev.app; sourceTree = BUILT_PRODUCTS_DIR; };
		569A074E2B1FD23D004AA63A /* RuytheriOSDevApp.swift */ = {isa = PBXFileReference; lastKnownFileType = sourcecode.swift; path = RuytheriOSDevApp.swift; sourceTree = "<group>"; };
		569A07502B1FD23D004AA63A /* TabBackgroundView.swift */ = {isa = PBXFileReference; lastKnownFileType = sourcecode.swift; path = TabBackgroundView.swift; sourceTree = "<group>"; };
		569A07522B1FD23E004AA63A /* Assets.xcassets */ = {isa = PBXFileReference; lastKnownFileType = folder.assetcatalog; path = Assets.xcassets; sourceTree = "<group>"; };
		569A07552B1FD23E004AA63A /* Preview Assets.xcassets */ = {isa = PBXFileReference; lastKnownFileType = folder.assetcatalog; path = "Preview Assets.xcassets"; sourceTree = "<group>"; };
		569A075B2B1FD23F004AA63A /* RuytheriOSDevTests.xctest */ = {isa = PBXFileReference; explicitFileType = wrapper.cfbundle; includeInIndex = 0; path = RuytheriOSDevTests.xctest; sourceTree = BUILT_PRODUCTS_DIR; };
		569A075F2B1FD23F004AA63A /* RuytheriOSDevTests.swift */ = {isa = PBXFileReference; lastKnownFileType = sourcecode.swift; path = RuytheriOSDevTests.swift; sourceTree = "<group>"; };
		569A07652B1FD23F004AA63A /* RuytheriOSDevUITests.xctest */ = {isa = PBXFileReference; explicitFileType = wrapper.cfbundle; includeInIndex = 0; path = RuytheriOSDevUITests.xctest; sourceTree = BUILT_PRODUCTS_DIR; };
		569A07692B1FD23F004AA63A /* RuytheriOSDevUITests.swift */ = {isa = PBXFileReference; lastKnownFileType = sourcecode.swift; path = RuytheriOSDevUITests.swift; sourceTree = "<group>"; };
		569A076B2B1FD23F004AA63A /* RuytheriOSDevUITestsLaunchTests.swift */ = {isa = PBXFileReference; lastKnownFileType = sourcecode.swift; path = RuytheriOSDevUITestsLaunchTests.swift; sourceTree = "<group>"; };
		569A077C2B2003E7004AA63A /* click.wav */ = {isa = PBXFileReference; lastKnownFileType = audio.wav; path = click.wav; sourceTree = "<group>"; };
		569A077D2B2003E7004AA63A /* pop-up.wav */ = {isa = PBXFileReference; lastKnownFileType = audio.wav; path = "pop-up.wav"; sourceTree = "<group>"; };
		569A07802B2004BD004AA63A /* about-me.json */ = {isa = PBXFileReference; lastKnownFileType = text.json; path = "about-me.json"; sourceTree = "<group>"; };
		569A078A2B2005F2004AA63A /* BaseTabView.swift */ = {isa = PBXFileReference; lastKnownFileType = sourcecode.swift; path = BaseTabView.swift; sourceTree = "<group>"; };
		569A078C2B20061D004AA63A /* BaseTabViewModel.swift */ = {isa = PBXFileReference; lastKnownFileType = sourcecode.swift; path = BaseTabViewModel.swift; sourceTree = "<group>"; };
		569A07902B200917004AA63A /* AppDelegate.swift */ = {isa = PBXFileReference; lastKnownFileType = sourcecode.swift; path = AppDelegate.swift; sourceTree = "<group>"; };
		569A07922B200924004AA63A /* SceneDelegate.swift */ = {isa = PBXFileReference; lastKnownFileType = sourcecode.swift; path = SceneDelegate.swift; sourceTree = "<group>"; };
		569A07952B2009A3004AA63A /* CustomTabView.swift */ = {isa = PBXFileReference; lastKnownFileType = sourcecode.swift; path = CustomTabView.swift; sourceTree = "<group>"; };
		569A07992B201624004AA63A /* View+Extension.swift */ = {isa = PBXFileReference; lastKnownFileType = sourcecode.swift; path = "View+Extension.swift"; sourceTree = "<group>"; };
		569A079B2B20163D004AA63A /* TabView+Extension.swift */ = {isa = PBXFileReference; lastKnownFileType = sourcecode.swift; path = "TabView+Extension.swift"; sourceTree = "<group>"; };
		569A07A42B202924004AA63A /* Nunito-Bold.ttf */ = {isa = PBXFileReference; lastKnownFileType = file; path = "Nunito-Bold.ttf"; sourceTree = "<group>"; };
		569A07A52B202924004AA63A /* Nunito-ExtraLight.ttf */ = {isa = PBXFileReference; lastKnownFileType = file; path = "Nunito-ExtraLight.ttf"; sourceTree = "<group>"; };
		569A07A62B202924004AA63A /* Nunito-SemiBold.ttf */ = {isa = PBXFileReference; lastKnownFileType = file; path = "Nunito-SemiBold.ttf"; sourceTree = "<group>"; };
		569A07A72B202924004AA63A /* Nunito-Medium.ttf */ = {isa = PBXFileReference; lastKnownFileType = file; path = "Nunito-Medium.ttf"; sourceTree = "<group>"; };
		569A07A82B202924004AA63A /* Nunito-Regular.ttf */ = {isa = PBXFileReference; lastKnownFileType = file; path = "Nunito-Regular.ttf"; sourceTree = "<group>"; };
		569A07A92B202924004AA63A /* Nunito-Light.ttf */ = {isa = PBXFileReference; lastKnownFileType = file; path = "Nunito-Light.ttf"; sourceTree = "<group>"; };
		569A07AA2B202924004AA63A /* Nunito-ExtraBold.ttf */ = {isa = PBXFileReference; lastKnownFileType = file; path = "Nunito-ExtraBold.ttf"; sourceTree = "<group>"; };
		569A07AB2B202924004AA63A /* Nunito-Black.ttf */ = {isa = PBXFileReference; lastKnownFileType = file; path = "Nunito-Black.ttf"; sourceTree = "<group>"; };
		569A07B52B20294E004AA63A /* Font.swift */ = {isa = PBXFileReference; lastKnownFileType = sourcecode.swift; path = Font.swift; sourceTree = "<group>"; };
		569A07B72B202969004AA63A /* Info.plist */ = {isa = PBXFileReference; lastKnownFileType = text.plist.xml; path = Info.plist; sourceTree = "<group>"; };
		569A07B92B202CE5004AA63A /* AssetColor.swift */ = {isa = PBXFileReference; lastKnownFileType = sourcecode.swift; path = AssetColor.swift; sourceTree = "<group>"; };
		569A07BD2B202F69004AA63A /* ToolbarCustomButton.swift */ = {isa = PBXFileReference; lastKnownFileType = sourcecode.swift; path = ToolbarCustomButton.swift; sourceTree = "<group>"; };
		56B0C0AE2B2A67AB00D0BA90 /* SkillSectionRow.swift */ = {isa = PBXFileReference; lastKnownFileType = sourcecode.swift; path = SkillSectionRow.swift; sourceTree = "<group>"; };
		56B0C0B32B2CB46D00D0BA90 /* ExperienceSheetViewModel.swift */ = {isa = PBXFileReference; lastKnownFileType = sourcecode.swift; path = ExperienceSheetViewModel.swift; sourceTree = "<group>"; };
		56B0C0B52B2CB47800D0BA90 /* ExperienceSheetView.swift */ = {isa = PBXFileReference; lastKnownFileType = sourcecode.swift; path = ExperienceSheetView.swift; sourceTree = "<group>"; };
		56B0C0B82B2CB90500D0BA90 /* ExperienceRowView.swift */ = {isa = PBXFileReference; lastKnownFileType = sourcecode.swift; path = ExperienceRowView.swift; sourceTree = "<group>"; };
		56B0C0BB2B2CC32100D0BA90 /* BubbleBackgroundView.swift */ = {isa = PBXFileReference; lastKnownFileType = sourcecode.swift; path = BubbleBackgroundView.swift; sourceTree = "<group>"; };
		56B0C0C02B2CEE4800D0BA90 /* PassionSheetViewModel.swift */ = {isa = PBXFileReference; lastKnownFileType = sourcecode.swift; path = PassionSheetViewModel.swift; sourceTree = "<group>"; };
		56B0C0C22B2CEE5500D0BA90 /* PassionSheetView.swift */ = {isa = PBXFileReference; lastKnownFileType = sourcecode.swift; path = PassionSheetView.swift; sourceTree = "<group>"; };
		56E477CF2B2553EC0095F408 /* CareerGoalsSheetView.swift */ = {isa = PBXFileReference; lastKnownFileType = sourcecode.swift; path = CareerGoalsSheetView.swift; sourceTree = "<group>"; };
		56E477D12B2554030095F408 /* CareerGoalsSheetViewModel.swift */ = {isa = PBXFileReference; lastKnownFileType = sourcecode.swift; path = CareerGoalsSheetViewModel.swift; sourceTree = "<group>"; };
		56E575702B224E130098C9A0 /* BubbleRowView.swift */ = {isa = PBXFileReference; lastKnownFileType = sourcecode.swift; path = BubbleRowView.swift; sourceTree = "<group>"; };
		56E575722B224F420098C9A0 /* LanguageRowView.swift */ = {isa = PBXFileReference; lastKnownFileType = sourcecode.swift; path = LanguageRowView.swift; sourceTree = "<group>"; };
/* End PBXFileReference section */

/* Begin PBXFrameworksBuildPhase section */
		569A07482B1FD23D004AA63A /* Frameworks */ = {
			isa = PBXFrameworksBuildPhase;
			buildActionMask = 2147483647;
			files = (
			);
			runOnlyForDeploymentPostprocessing = 0;
		};
		569A07582B1FD23F004AA63A /* Frameworks */ = {
			isa = PBXFrameworksBuildPhase;
			buildActionMask = 2147483647;
			files = (
			);
			runOnlyForDeploymentPostprocessing = 0;
		};
		569A07622B1FD23F004AA63A /* Frameworks */ = {
			isa = PBXFrameworksBuildPhase;
			buildActionMask = 2147483647;
			files = (
			);
			runOnlyForDeploymentPostprocessing = 0;
		};
/* End PBXFrameworksBuildPhase section */

/* Begin PBXGroup section */
		561E34A22B27E046004BAA08 /* Auxiliar */ = {
			isa = PBXGroup;
			children = (
				561E34A32B27E05A004BAA08 /* BubbleView.swift */,
			);
			path = Auxiliar;
			sourceTree = "<group>";
		};
		56348ADC2B2A2A5F002EFBD3 /* SheetView */ = {
			isa = PBXGroup;
			children = (
				56348ADD2B2A2A6B002EFBD3 /* ViewModel */,
				56348ADE2B2A2A71002EFBD3 /* View */,
			);
			path = SheetView;
			sourceTree = "<group>";
		};
		56348ADD2B2A2A6B002EFBD3 /* ViewModel */ = {
			isa = PBXGroup;
			children = (
				56348ADF2B2A2A84002EFBD3 /* EducationSheetViewModel.swift */,
			);
			path = ViewModel;
			sourceTree = "<group>";
		};
		56348ADE2B2A2A71002EFBD3 /* View */ = {
			isa = PBXGroup;
			children = (
				56348AE12B2A2A94002EFBD3 /* EducationSheetView.swift */,
				56348AE62B2A3E80002EFBD3 /* Sections */,
				56348AE32B2A3C8A002EFBD3 /* Rows */,
			);
			path = View;
			sourceTree = "<group>";
		};
		56348AE32B2A3C8A002EFBD3 /* Rows */ = {
			isa = PBXGroup;
			children = (
				56348AE72B2A3EB2002EFBD3 /* EducationRowView.swift */,
				56348AE92B2A5DD3002EFBD3 /* CertificateRowView.swift */,
				56B0C0AE2B2A67AB00D0BA90 /* SkillSectionRow.swift */,
			);
			path = Rows;
			sourceTree = "<group>";
		};
		56348AE62B2A3E80002EFBD3 /* Sections */ = {
			isa = PBXGroup;
			children = (
				56348AE42B2A3CA5002EFBD3 /* SectionView.swift */,
			);
			path = Sections;
			sourceTree = "<group>";
		};
		566A4D5E2B2101BB00008EEE /* BaseView */ = {
			isa = PBXGroup;
			children = (
				566A4D5C2B20F7CE00008EEE /* AboutMeBaseViewModel.swift */,
			);
			path = BaseView;
			sourceTree = "<group>";
		};
		566A4D5F2B2101C300008EEE /* SheetView */ = {
			isa = PBXGroup;
			children = (
				566A4D612B21044B00008EEE /* ViewModel */,
				566A4D602B21044700008EEE /* View */,
			);
			path = SheetView;
			sourceTree = "<group>";
		};
		566A4D602B21044700008EEE /* View */ = {
			isa = PBXGroup;
			children = (
				566A4D642B21046E00008EEE /* AboutMeSheetView.swift */,
				56E5756F2B224DE50098C9A0 /* Rows */,
			);
			path = View;
			sourceTree = "<group>";
		};
		566A4D612B21044B00008EEE /* ViewModel */ = {
			isa = PBXGroup;
			children = (
				566A4D622B21046400008EEE /* AboutMeSheetViewModel.swift */,
			);
			path = ViewModel;
			sourceTree = "<group>";
		};
		5693092D2B23E40700C84DE8 /* CareerGoals */ = {
			isa = PBXGroup;
			children = (
				5693092E2B23E42600C84DE8 /* SheetView */,
				5693092F2B23E43000C84DE8 /* BaseView */,
			);
			path = CareerGoals;
			sourceTree = "<group>";
		};
		5693092E2B23E42600C84DE8 /* SheetView */ = {
			isa = PBXGroup;
			children = (
				569309312B23E44500C84DE8 /* ViewModel */,
				569309302B23E44000C84DE8 /* View */,
			);
			path = SheetView;
			sourceTree = "<group>";
		};
		5693092F2B23E43000C84DE8 /* BaseView */ = {
			isa = PBXGroup;
			children = (
				569309342B24331900C84DE8 /* CareerGoalsBaseViewModel.swift */,
			);
			path = BaseView;
			sourceTree = "<group>";
		};
		569309302B23E44000C84DE8 /* View */ = {
			isa = PBXGroup;
			children = (
				561E34A22B27E046004BAA08 /* Auxiliar */,
				56E477CF2B2553EC0095F408 /* CareerGoalsSheetView.swift */,
			);
			path = View;
			sourceTree = "<group>";
		};
		569309312B23E44500C84DE8 /* ViewModel */ = {
			isa = PBXGroup;
			children = (
				56E477D12B2554030095F408 /* CareerGoalsSheetViewModel.swift */,
			);
			path = ViewModel;
			sourceTree = "<group>";
		};
		569309382B243BBE00C84DE8 /* Education */ = {
			isa = PBXGroup;
			children = (
				56348ADC2B2A2A5F002EFBD3 /* SheetView */,
				5693093B2B243C0000C84DE8 /* BaseView */,
			);
			path = Education;
			sourceTree = "<group>";
		};
		569309392B243BE400C84DE8 /* Experience */ = {
			isa = PBXGroup;
			children = (
				56B0C0B02B2CB3FA00D0BA90 /* SheetView */,
				5693093C2B243C0C00C84DE8 /* BaseView */,
			);
			path = Experience;
			sourceTree = "<group>";
		};
		5693093A2B243BF300C84DE8 /* Passion */ = {
			isa = PBXGroup;
			children = (
				56B0C0BD2B2CEE1900D0BA90 /* SheetView */,
				5693093D2B243C1200C84DE8 /* BaseView */,
			);
			path = Passion;
			sourceTree = "<group>";
		};
		5693093B2B243C0000C84DE8 /* BaseView */ = {
			isa = PBXGroup;
			children = (
				5693093E2B243C3400C84DE8 /* EducationBaseViewModel.swift */,
			);
			path = BaseView;
			sourceTree = "<group>";
		};
		5693093C2B243C0C00C84DE8 /* BaseView */ = {
			isa = PBXGroup;
			children = (
				569309402B243C4600C84DE8 /* ExperienceBaseViewModel.swift */,
			);
			path = BaseView;
			sourceTree = "<group>";
		};
		5693093D2B243C1200C84DE8 /* BaseView */ = {
			isa = PBXGroup;
			children = (
				569309422B243C5400C84DE8 /* PassionBaseViewModel.swift */,
			);
			path = BaseView;
			sourceTree = "<group>";
		};
		569A07422B1FD23D004AA63A = {
			isa = PBXGroup;
			children = (
				569A074D2B1FD23D004AA63A /* RuytheriOSDev */,
				569A075E2B1FD23F004AA63A /* RuytheriOSDevTests */,
				569A07682B1FD23F004AA63A /* RuytheriOSDevUITests */,
				569A074C2B1FD23D004AA63A /* Products */,
			);
			sourceTree = "<group>";
		};
		569A074C2B1FD23D004AA63A /* Products */ = {
			isa = PBXGroup;
			children = (
				569A074B2B1FD23D004AA63A /* RuytheriOSDev.app */,
				569A075B2B1FD23F004AA63A /* RuytheriOSDevTests.xctest */,
				569A07652B1FD23F004AA63A /* RuytheriOSDevUITests.xctest */,
			);
			name = Products;
			sourceTree = "<group>";
		};
		569A074D2B1FD23D004AA63A /* RuytheriOSDev */ = {
			isa = PBXGroup;
			children = (
				569A07782B200384004AA63A /* App */,
				569A07822B2004E1004AA63A /* Infrastructure */,
				569A07832B200514004AA63A /* Data */,
				569A07842B20051C004AA63A /* Presentation */,
				569A07792B200395004AA63A /* Resources */,
				569A07542B1FD23E004AA63A /* Preview Content */,
			);
			path = RuytheriOSDev;
			sourceTree = "<group>";
		};
		569A07542B1FD23E004AA63A /* Preview Content */ = {
			isa = PBXGroup;
			children = (
				569A07552B1FD23E004AA63A /* Preview Assets.xcassets */,
			);
			path = "Preview Content";
			sourceTree = "<group>";
		};
		569A075E2B1FD23F004AA63A /* RuytheriOSDevTests */ = {
			isa = PBXGroup;
			children = (
				569A075F2B1FD23F004AA63A /* RuytheriOSDevTests.swift */,
			);
			path = RuytheriOSDevTests;
			sourceTree = "<group>";
		};
		569A07682B1FD23F004AA63A /* RuytheriOSDevUITests */ = {
			isa = PBXGroup;
			children = (
				569A07692B1FD23F004AA63A /* RuytheriOSDevUITests.swift */,
				569A076B2B1FD23F004AA63A /* RuytheriOSDevUITestsLaunchTests.swift */,
			);
			path = RuytheriOSDevUITests;
			sourceTree = "<group>";
		};
		569A07782B200384004AA63A /* App */ = {
			isa = PBXGroup;
			children = (
				569A074E2B1FD23D004AA63A /* RuytheriOSDevApp.swift */,
				569A07B72B202969004AA63A /* Info.plist */,
				569A078E2B2008FF004AA63A /* Delegates */,
			);
			path = App;
			sourceTree = "<group>";
		};
		569A07792B200395004AA63A /* Resources */ = {
			isa = PBXGroup;
			children = (
				569A07A32B202897004AA63A /* Assets */,
				569A077B2B2003C9004AA63A /* SoundsEffects */,
				569A07A22B20287D004AA63A /* CustomFonts */,
				569A077A2B2003B2004AA63A /* JSON */,
			);
			path = Resources;
			sourceTree = "<group>";
		};
		569A077A2B2003B2004AA63A /* JSON */ = {
			isa = PBXGroup;
			children = (
				569A07802B2004BD004AA63A /* about-me.json */,
			);
			path = JSON;
			sourceTree = "<group>";
		};
		569A077B2B2003C9004AA63A /* SoundsEffects */ = {
			isa = PBXGroup;
			children = (
				569A077C2B2003E7004AA63A /* click.wav */,
				569A077D2B2003E7004AA63A /* pop-up.wav */,
			);
			path = SoundsEffects;
			sourceTree = "<group>";
		};
		569A07822B2004E1004AA63A /* Infrastructure */ = {
			isa = PBXGroup;
			children = (
			);
			path = Infrastructure;
			sourceTree = "<group>";
		};
		569A07832B200514004AA63A /* Data */ = {
			isa = PBXGroup;
			children = (
			);
			path = Data;
			sourceTree = "<group>";
		};
		569A07842B20051C004AA63A /* Presentation */ = {
			isa = PBXGroup;
			children = (
				569A07892B20058C004AA63A /* Common */,
				569A07852B200538004AA63A /* Features */,
			);
			path = Presentation;
			sourceTree = "<group>";
		};
		569A07852B200538004AA63A /* Features */ = {
			isa = PBXGroup;
			children = (
				569A07972B201609004AA63A /* Tab */,
				569A07862B20056F004AA63A /* AboutMe */,
				5693092D2B23E40700C84DE8 /* CareerGoals */,
				569309382B243BBE00C84DE8 /* Education */,
				569309392B243BE400C84DE8 /* Experience */,
				5693093A2B243BF300C84DE8 /* Passion */,
			);
			path = Features;
			sourceTree = "<group>";
		};
		569A07862B20056F004AA63A /* AboutMe */ = {
			isa = PBXGroup;
			children = (
				566A4D5F2B2101C300008EEE /* SheetView */,
				566A4D5E2B2101BB00008EEE /* BaseView */,
			);
			path = AboutMe;
			sourceTree = "<group>";
		};
		569A07892B20058C004AA63A /* Common */ = {
			isa = PBXGroup;
			children = (
				569A07BB2B202F3A004AA63A /* UI */,
				569A07B42B20293C004AA63A /* Enum */,
				569A07982B201614004AA63A /* Extensions */,
			);
			path = Common;
			sourceTree = "<group>";
		};
		569A078E2B2008FF004AA63A /* Delegates */ = {
			isa = PBXGroup;
			children = (
				569A07902B200917004AA63A /* AppDelegate.swift */,
				569A07922B200924004AA63A /* SceneDelegate.swift */,
			);
			path = Delegates;
			sourceTree = "<group>";
		};
		569A07972B201609004AA63A /* Tab */ = {
			isa = PBXGroup;
			children = (
				569A07A02B202241004AA63A /* ViewModel */,
				569A07A12B202247004AA63A /* View */,
			);
			path = Tab;
			sourceTree = "<group>";
		};
		569A07982B201614004AA63A /* Extensions */ = {
			isa = PBXGroup;
			children = (
				569A07992B201624004AA63A /* View+Extension.swift */,
				569A079B2B20163D004AA63A /* TabView+Extension.swift */,
			);
			path = Extensions;
			sourceTree = "<group>";
		};
		569A07A02B202241004AA63A /* ViewModel */ = {
			isa = PBXGroup;
			children = (
				569A078C2B20061D004AA63A /* BaseTabViewModel.swift */,
			);
			path = ViewModel;
			sourceTree = "<group>";
		};
		569A07A12B202247004AA63A /* View */ = {
			isa = PBXGroup;
			children = (
				569A07502B1FD23D004AA63A /* TabBackgroundView.swift */,
				569A078A2B2005F2004AA63A /* BaseTabView.swift */,
				569A07B82B202A9A004AA63A /* Auxiliar */,
			);
			path = View;
			sourceTree = "<group>";
		};
		569A07A22B20287D004AA63A /* CustomFonts */ = {
			isa = PBXGroup;
			children = (
				569A07AB2B202924004AA63A /* Nunito-Black.ttf */,
				569A07A42B202924004AA63A /* Nunito-Bold.ttf */,
				569A07AA2B202924004AA63A /* Nunito-ExtraBold.ttf */,
				569A07A52B202924004AA63A /* Nunito-ExtraLight.ttf */,
				569A07A92B202924004AA63A /* Nunito-Light.ttf */,
				569A07A72B202924004AA63A /* Nunito-Medium.ttf */,
				569A07A82B202924004AA63A /* Nunito-Regular.ttf */,
				569A07A62B202924004AA63A /* Nunito-SemiBold.ttf */,
			);
			path = CustomFonts;
			sourceTree = "<group>";
		};
		569A07A32B202897004AA63A /* Assets */ = {
			isa = PBXGroup;
			children = (
				569A07522B1FD23E004AA63A /* Assets.xcassets */,
			);
			path = Assets;
			sourceTree = "<group>";
		};
		569A07B42B20293C004AA63A /* Enum */ = {
			isa = PBXGroup;
			children = (
				569A07B52B20294E004AA63A /* Font.swift */,
				569A07B92B202CE5004AA63A /* AssetColor.swift */,
			);
			path = Enum;
			sourceTree = "<group>";
		};
		569A07B82B202A9A004AA63A /* Auxiliar */ = {
			isa = PBXGroup;
			children = (
				569A07952B2009A3004AA63A /* CustomTabView.swift */,
			);
			path = Auxiliar;
			sourceTree = "<group>";
		};
		569A07BB2B202F3A004AA63A /* UI */ = {
			isa = PBXGroup;
			children = (
				56B0C0BA2B2CC2F500D0BA90 /* View */,
				569A07BC2B202F3E004AA63A /* Button */,
			);
			path = UI;
			sourceTree = "<group>";
		};
		569A07BC2B202F3E004AA63A /* Button */ = {
			isa = PBXGroup;
			children = (
				569A07BD2B202F69004AA63A /* ToolbarCustomButton.swift */,
				566A4D5A2B20DD6B00008EEE /* TabBarButton.swift */,
			);
			path = Button;
			sourceTree = "<group>";
		};
		56B0C0B02B2CB3FA00D0BA90 /* SheetView */ = {
			isa = PBXGroup;
			children = (
				56B0C0B12B2CB41400D0BA90 /* ViewModel */,
				56B0C0B22B2CB41C00D0BA90 /* View */,
			);
			path = SheetView;
			sourceTree = "<group>";
		};
		56B0C0B12B2CB41400D0BA90 /* ViewModel */ = {
			isa = PBXGroup;
			children = (
				56B0C0B32B2CB46D00D0BA90 /* ExperienceSheetViewModel.swift */,
			);
			path = ViewModel;
			sourceTree = "<group>";
		};
		56B0C0B22B2CB41C00D0BA90 /* View */ = {
			isa = PBXGroup;
			children = (
				56B0C0B52B2CB47800D0BA90 /* ExperienceSheetView.swift */,
				56B0C0B72B2CB8F200D0BA90 /* Row */,
			);
			path = View;
			sourceTree = "<group>";
		};
		56B0C0B72B2CB8F200D0BA90 /* Row */ = {
			isa = PBXGroup;
			children = (
				56B0C0B82B2CB90500D0BA90 /* ExperienceRowView.swift */,
			);
			path = Row;
			sourceTree = "<group>";
		};
		56B0C0BA2B2CC2F500D0BA90 /* View */ = {
			isa = PBXGroup;
			children = (
				56B0C0BB2B2CC32100D0BA90 /* BubbleBackgroundView.swift */,
			);
			path = View;
			sourceTree = "<group>";
		};
		56B0C0BD2B2CEE1900D0BA90 /* SheetView */ = {
			isa = PBXGroup;
			children = (
				56B0C0BF2B2CEE2E00D0BA90 /* ViewModel */,
				56B0C0BE2B2CEE2900D0BA90 /* View */,
			);
			path = SheetView;
			sourceTree = "<group>";
		};
		56B0C0BE2B2CEE2900D0BA90 /* View */ = {
			isa = PBXGroup;
			children = (
				56B0C0C22B2CEE5500D0BA90 /* PassionSheetView.swift */,
			);
			path = View;
			sourceTree = "<group>";
		};
		56B0C0BF2B2CEE2E00D0BA90 /* ViewModel */ = {
			isa = PBXGroup;
			children = (
				56B0C0C02B2CEE4800D0BA90 /* PassionSheetViewModel.swift */,
			);
			path = ViewModel;
			sourceTree = "<group>";
		};
		56E5756F2B224DE50098C9A0 /* Rows */ = {
			isa = PBXGroup;
			children = (
				56E575702B224E130098C9A0 /* BubbleRowView.swift */,
				56E575722B224F420098C9A0 /* LanguageRowView.swift */,
				5693092B2B238BAA00C84DE8 /* LocationRowView.swift */,
			);
			path = Rows;
			sourceTree = "<group>";
		};
/* End PBXGroup section */

/* Begin PBXNativeTarget section */
		569A074A2B1FD23D004AA63A /* RuytheriOSDev */ = {
			isa = PBXNativeTarget;
			buildConfigurationList = 569A076F2B1FD23F004AA63A /* Build configuration list for PBXNativeTarget "RuytheriOSDev" */;
			buildPhases = (
				569A07472B1FD23D004AA63A /* Sources */,
				569A07482B1FD23D004AA63A /* Frameworks */,
				569A07492B1FD23D004AA63A /* Resources */,
			);
			buildRules = (
			);
			dependencies = (
			);
			name = RuytheriOSDev;
			productName = RuytheriOSDev;
			productReference = 569A074B2B1FD23D004AA63A /* RuytheriOSDev.app */;
			productType = "com.apple.product-type.application";
		};
		569A075A2B1FD23F004AA63A /* RuytheriOSDevTests */ = {
			isa = PBXNativeTarget;
			buildConfigurationList = 569A07722B1FD23F004AA63A /* Build configuration list for PBXNativeTarget "RuytheriOSDevTests" */;
			buildPhases = (
				569A07572B1FD23F004AA63A /* Sources */,
				569A07582B1FD23F004AA63A /* Frameworks */,
				569A07592B1FD23F004AA63A /* Resources */,
			);
			buildRules = (
			);
			dependencies = (
				569A075D2B1FD23F004AA63A /* PBXTargetDependency */,
			);
			name = RuytheriOSDevTests;
			productName = RuytheriOSDevTests;
			productReference = 569A075B2B1FD23F004AA63A /* RuytheriOSDevTests.xctest */;
			productType = "com.apple.product-type.bundle.unit-test";
		};
		569A07642B1FD23F004AA63A /* RuytheriOSDevUITests */ = {
			isa = PBXNativeTarget;
			buildConfigurationList = 569A07752B1FD23F004AA63A /* Build configuration list for PBXNativeTarget "RuytheriOSDevUITests" */;
			buildPhases = (
				569A07612B1FD23F004AA63A /* Sources */,
				569A07622B1FD23F004AA63A /* Frameworks */,
				569A07632B1FD23F004AA63A /* Resources */,
			);
			buildRules = (
			);
			dependencies = (
				569A07672B1FD23F004AA63A /* PBXTargetDependency */,
			);
			name = RuytheriOSDevUITests;
			productName = RuytheriOSDevUITests;
			productReference = 569A07652B1FD23F004AA63A /* RuytheriOSDevUITests.xctest */;
			productType = "com.apple.product-type.bundle.ui-testing";
		};
/* End PBXNativeTarget section */

/* Begin PBXProject section */
		569A07432B1FD23D004AA63A /* Project object */ = {
			isa = PBXProject;
			attributes = {
				BuildIndependentTargetsInParallel = 1;
				LastSwiftUpdateCheck = 1500;
				LastUpgradeCheck = 1500;
				TargetAttributes = {
					569A074A2B1FD23D004AA63A = {
						CreatedOnToolsVersion = 15.0.1;
					};
					569A075A2B1FD23F004AA63A = {
						CreatedOnToolsVersion = 15.0.1;
						TestTargetID = 569A074A2B1FD23D004AA63A;
					};
					569A07642B1FD23F004AA63A = {
						CreatedOnToolsVersion = 15.0.1;
						TestTargetID = 569A074A2B1FD23D004AA63A;
					};
				};
			};
			buildConfigurationList = 569A07462B1FD23D004AA63A /* Build configuration list for PBXProject "RuytheriOSDev" */;
			compatibilityVersion = "Xcode 14.0";
			developmentRegion = en;
			hasScannedForEncodings = 0;
			knownRegions = (
				en,
				Base,
			);
			mainGroup = 569A07422B1FD23D004AA63A;
			productRefGroup = 569A074C2B1FD23D004AA63A /* Products */;
			projectDirPath = "";
			projectRoot = "";
			targets = (
				569A074A2B1FD23D004AA63A /* RuytheriOSDev */,
				569A075A2B1FD23F004AA63A /* RuytheriOSDevTests */,
				569A07642B1FD23F004AA63A /* RuytheriOSDevUITests */,
			);
		};
/* End PBXProject section */

/* Begin PBXResourcesBuildPhase section */
		569A07492B1FD23D004AA63A /* Resources */ = {
			isa = PBXResourcesBuildPhase;
			buildActionMask = 2147483647;
			files = (
				569A07B02B202924004AA63A /* Nunito-Regular.ttf in Resources */,
				569A07AE2B202924004AA63A /* Nunito-SemiBold.ttf in Resources */,
				569A07812B2004BD004AA63A /* about-me.json in Resources */,
				569A07B22B202924004AA63A /* Nunito-ExtraBold.ttf in Resources */,
				569A07AD2B202924004AA63A /* Nunito-ExtraLight.ttf in Resources */,
				569A07B12B202924004AA63A /* Nunito-Light.ttf in Resources */,
				569A077E2B2003E7004AA63A /* click.wav in Resources */,
				569A07562B1FD23E004AA63A /* Preview Assets.xcassets in Resources */,
				569A07532B1FD23E004AA63A /* Assets.xcassets in Resources */,
				569A07B32B202924004AA63A /* Nunito-Black.ttf in Resources */,
				569A07AC2B202924004AA63A /* Nunito-Bold.ttf in Resources */,
				569A077F2B2003E7004AA63A /* pop-up.wav in Resources */,
				569A07AF2B202924004AA63A /* Nunito-Medium.ttf in Resources */,
			);
			runOnlyForDeploymentPostprocessing = 0;
		};
		569A07592B1FD23F004AA63A /* Resources */ = {
			isa = PBXResourcesBuildPhase;
			buildActionMask = 2147483647;
			files = (
			);
			runOnlyForDeploymentPostprocessing = 0;
		};
		569A07632B1FD23F004AA63A /* Resources */ = {
			isa = PBXResourcesBuildPhase;
			buildActionMask = 2147483647;
			files = (
			);
			runOnlyForDeploymentPostprocessing = 0;
		};
/* End PBXResourcesBuildPhase section */

/* Begin PBXSourcesBuildPhase section */
		569A07472B1FD23D004AA63A /* Sources */ = {
			isa = PBXSourcesBuildPhase;
			buildActionMask = 2147483647;
			files = (
				569A078D2B20061D004AA63A /* BaseTabViewModel.swift in Sources */,
				569309432B243C5400C84DE8 /* PassionBaseViewModel.swift in Sources */,
				569A07512B1FD23D004AA63A /* TabBackgroundView.swift in Sources */,
				56348AE22B2A2A94002EFBD3 /* EducationSheetView.swift in Sources */,
				566A4D652B21046E00008EEE /* AboutMeSheetView.swift in Sources */,
				569A07BA2B202CE5004AA63A /* AssetColor.swift in Sources */,
				566A4D632B21046400008EEE /* AboutMeSheetViewModel.swift in Sources */,
				56B0C0B42B2CB46D00D0BA90 /* ExperienceSheetViewModel.swift in Sources */,
				561E34A42B27E05A004BAA08 /* BubbleView.swift in Sources */,
				56348AE82B2A3EB2002EFBD3 /* EducationRowView.swift in Sources */,
				566A4D5B2B20DD6B00008EEE /* TabBarButton.swift in Sources */,
				569A07B62B20294E004AA63A /* Font.swift in Sources */,
				56B0C0C32B2CEE5500D0BA90 /* PassionSheetView.swift in Sources */,
				56348AE02B2A2A84002EFBD3 /* EducationSheetViewModel.swift in Sources */,
				56348AE52B2A3CA5002EFBD3 /* SectionView.swift in Sources */,
				56B0C0B92B2CB90500D0BA90 /* ExperienceRowView.swift in Sources */,
				569A079C2B20163D004AA63A /* TabView+Extension.swift in Sources */,
				56E477D02B2553EC0095F408 /* CareerGoalsSheetView.swift in Sources */,
				566A4D5D2B20F7CE00008EEE /* AboutMeBaseViewModel.swift in Sources */,
				56E575712B224E130098C9A0 /* BubbleRowView.swift in Sources */,
				569A079A2B201624004AA63A /* View+Extension.swift in Sources */,
				5693093F2B243C3400C84DE8 /* EducationBaseViewModel.swift in Sources */,
				56B0C0B62B2CB47800D0BA90 /* ExperienceSheetView.swift in Sources */,
				5693092C2B238BAA00C84DE8 /* LocationRowView.swift in Sources */,
				56B0C0C12B2CEE4800D0BA90 /* PassionSheetViewModel.swift in Sources */,
				569309412B243C4600C84DE8 /* ExperienceBaseViewModel.swift in Sources */,
				569A078B2B2005F2004AA63A /* BaseTabView.swift in Sources */,
				569A07912B200917004AA63A /* AppDelegate.swift in Sources */,
				569A074F2B1FD23D004AA63A /* RuytheriOSDevApp.swift in Sources */,
				569A07932B200924004AA63A /* SceneDelegate.swift in Sources */,
				56B0C0BC2B2CC32100D0BA90 /* BubbleBackgroundView.swift in Sources */,
				569309352B24331900C84DE8 /* CareerGoalsBaseViewModel.swift in Sources */,
				56348AEA2B2A5DD3002EFBD3 /* CertificateRowView.swift in Sources */,
				56E477D22B2554030095F408 /* CareerGoalsSheetViewModel.swift in Sources */,
				56B0C0AF2B2A67AB00D0BA90 /* SkillSectionRow.swift in Sources */,
				56E575732B224F420098C9A0 /* LanguageRowView.swift in Sources */,
				569A07BE2B202F69004AA63A /* ToolbarCustomButton.swift in Sources */,
				569A07962B2009A3004AA63A /* CustomTabView.swift in Sources */,
			);
			runOnlyForDeploymentPostprocessing = 0;
		};
		569A07572B1FD23F004AA63A /* Sources */ = {
			isa = PBXSourcesBuildPhase;
			buildActionMask = 2147483647;
			files = (
				569A07602B1FD23F004AA63A /* RuytheriOSDevTests.swift in Sources */,
			);
			runOnlyForDeploymentPostprocessing = 0;
		};
		569A07612B1FD23F004AA63A /* Sources */ = {
			isa = PBXSourcesBuildPhase;
			buildActionMask = 2147483647;
			files = (
				569A076C2B1FD23F004AA63A /* RuytheriOSDevUITestsLaunchTests.swift in Sources */,
				569A076A2B1FD23F004AA63A /* RuytheriOSDevUITests.swift in Sources */,
			);
			runOnlyForDeploymentPostprocessing = 0;
		};
/* End PBXSourcesBuildPhase section */

/* Begin PBXTargetDependency section */
		569A075D2B1FD23F004AA63A /* PBXTargetDependency */ = {
			isa = PBXTargetDependency;
			target = 569A074A2B1FD23D004AA63A /* RuytheriOSDev */;
			targetProxy = 569A075C2B1FD23F004AA63A /* PBXContainerItemProxy */;
		};
		569A07672B1FD23F004AA63A /* PBXTargetDependency */ = {
			isa = PBXTargetDependency;
			target = 569A074A2B1FD23D004AA63A /* RuytheriOSDev */;
			targetProxy = 569A07662B1FD23F004AA63A /* PBXContainerItemProxy */;
		};
/* End PBXTargetDependency section */

/* Begin XCBuildConfiguration section */
		569A076D2B1FD23F004AA63A /* Debug */ = {
			isa = XCBuildConfiguration;
			buildSettings = {
				ALWAYS_SEARCH_USER_PATHS = NO;
				ASSETCATALOG_COMPILER_GENERATE_SWIFT_ASSET_SYMBOL_EXTENSIONS = YES;
				CLANG_ANALYZER_NONNULL = YES;
				CLANG_ANALYZER_NUMBER_OBJECT_CONVERSION = YES_AGGRESSIVE;
				CLANG_CXX_LANGUAGE_STANDARD = "gnu++20";
				CLANG_ENABLE_MODULES = YES;
				CLANG_ENABLE_OBJC_ARC = YES;
				CLANG_ENABLE_OBJC_WEAK = YES;
				CLANG_WARN_BLOCK_CAPTURE_AUTORELEASING = YES;
				CLANG_WARN_BOOL_CONVERSION = YES;
				CLANG_WARN_COMMA = YES;
				CLANG_WARN_CONSTANT_CONVERSION = YES;
				CLANG_WARN_DEPRECATED_OBJC_IMPLEMENTATIONS = YES;
				CLANG_WARN_DIRECT_OBJC_ISA_USAGE = YES_ERROR;
				CLANG_WARN_DOCUMENTATION_COMMENTS = YES;
				CLANG_WARN_EMPTY_BODY = YES;
				CLANG_WARN_ENUM_CONVERSION = YES;
				CLANG_WARN_INFINITE_RECURSION = YES;
				CLANG_WARN_INT_CONVERSION = YES;
				CLANG_WARN_NON_LITERAL_NULL_CONVERSION = YES;
				CLANG_WARN_OBJC_IMPLICIT_RETAIN_SELF = YES;
				CLANG_WARN_OBJC_LITERAL_CONVERSION = YES;
				CLANG_WARN_OBJC_ROOT_CLASS = YES_ERROR;
				CLANG_WARN_QUOTED_INCLUDE_IN_FRAMEWORK_HEADER = YES;
				CLANG_WARN_RANGE_LOOP_ANALYSIS = YES;
				CLANG_WARN_STRICT_PROTOTYPES = YES;
				CLANG_WARN_SUSPICIOUS_MOVE = YES;
				CLANG_WARN_UNGUARDED_AVAILABILITY = YES_AGGRESSIVE;
				CLANG_WARN_UNREACHABLE_CODE = YES;
				CLANG_WARN__DUPLICATE_METHOD_MATCH = YES;
				COPY_PHASE_STRIP = NO;
				DEBUG_INFORMATION_FORMAT = dwarf;
				ENABLE_STRICT_OBJC_MSGSEND = YES;
				ENABLE_TESTABILITY = YES;
				ENABLE_USER_SCRIPT_SANDBOXING = YES;
				GCC_C_LANGUAGE_STANDARD = gnu17;
				GCC_DYNAMIC_NO_PIC = NO;
				GCC_NO_COMMON_BLOCKS = YES;
				GCC_OPTIMIZATION_LEVEL = 0;
				GCC_PREPROCESSOR_DEFINITIONS = (
					"DEBUG=1",
					"$(inherited)",
				);
				GCC_WARN_64_TO_32_BIT_CONVERSION = YES;
				GCC_WARN_ABOUT_RETURN_TYPE = YES_ERROR;
				GCC_WARN_UNDECLARED_SELECTOR = YES;
				GCC_WARN_UNINITIALIZED_AUTOS = YES_AGGRESSIVE;
				GCC_WARN_UNUSED_FUNCTION = YES;
				GCC_WARN_UNUSED_VARIABLE = YES;
				IPHONEOS_DEPLOYMENT_TARGET = 17.0;
				LOCALIZATION_PREFERS_STRING_CATALOGS = YES;
				MTL_ENABLE_DEBUG_INFO = INCLUDE_SOURCE;
				MTL_FAST_MATH = YES;
				ONLY_ACTIVE_ARCH = YES;
				SDKROOT = iphoneos;
				SWIFT_ACTIVE_COMPILATION_CONDITIONS = "DEBUG $(inherited)";
				SWIFT_OPTIMIZATION_LEVEL = "-Onone";
			};
			name = Debug;
		};
		569A076E2B1FD23F004AA63A /* Release */ = {
			isa = XCBuildConfiguration;
			buildSettings = {
				ALWAYS_SEARCH_USER_PATHS = NO;
				ASSETCATALOG_COMPILER_GENERATE_SWIFT_ASSET_SYMBOL_EXTENSIONS = YES;
				CLANG_ANALYZER_NONNULL = YES;
				CLANG_ANALYZER_NUMBER_OBJECT_CONVERSION = YES_AGGRESSIVE;
				CLANG_CXX_LANGUAGE_STANDARD = "gnu++20";
				CLANG_ENABLE_MODULES = YES;
				CLANG_ENABLE_OBJC_ARC = YES;
				CLANG_ENABLE_OBJC_WEAK = YES;
				CLANG_WARN_BLOCK_CAPTURE_AUTORELEASING = YES;
				CLANG_WARN_BOOL_CONVERSION = YES;
				CLANG_WARN_COMMA = YES;
				CLANG_WARN_CONSTANT_CONVERSION = YES;
				CLANG_WARN_DEPRECATED_OBJC_IMPLEMENTATIONS = YES;
				CLANG_WARN_DIRECT_OBJC_ISA_USAGE = YES_ERROR;
				CLANG_WARN_DOCUMENTATION_COMMENTS = YES;
				CLANG_WARN_EMPTY_BODY = YES;
				CLANG_WARN_ENUM_CONVERSION = YES;
				CLANG_WARN_INFINITE_RECURSION = YES;
				CLANG_WARN_INT_CONVERSION = YES;
				CLANG_WARN_NON_LITERAL_NULL_CONVERSION = YES;
				CLANG_WARN_OBJC_IMPLICIT_RETAIN_SELF = YES;
				CLANG_WARN_OBJC_LITERAL_CONVERSION = YES;
				CLANG_WARN_OBJC_ROOT_CLASS = YES_ERROR;
				CLANG_WARN_QUOTED_INCLUDE_IN_FRAMEWORK_HEADER = YES;
				CLANG_WARN_RANGE_LOOP_ANALYSIS = YES;
				CLANG_WARN_STRICT_PROTOTYPES = YES;
				CLANG_WARN_SUSPICIOUS_MOVE = YES;
				CLANG_WARN_UNGUARDED_AVAILABILITY = YES_AGGRESSIVE;
				CLANG_WARN_UNREACHABLE_CODE = YES;
				CLANG_WARN__DUPLICATE_METHOD_MATCH = YES;
				COPY_PHASE_STRIP = NO;
				DEBUG_INFORMATION_FORMAT = "dwarf-with-dsym";
				ENABLE_NS_ASSERTIONS = NO;
				ENABLE_STRICT_OBJC_MSGSEND = YES;
				ENABLE_USER_SCRIPT_SANDBOXING = YES;
				GCC_C_LANGUAGE_STANDARD = gnu17;
				GCC_NO_COMMON_BLOCKS = YES;
				GCC_WARN_64_TO_32_BIT_CONVERSION = YES;
				GCC_WARN_ABOUT_RETURN_TYPE = YES_ERROR;
				GCC_WARN_UNDECLARED_SELECTOR = YES;
				GCC_WARN_UNINITIALIZED_AUTOS = YES_AGGRESSIVE;
				GCC_WARN_UNUSED_FUNCTION = YES;
				GCC_WARN_UNUSED_VARIABLE = YES;
				IPHONEOS_DEPLOYMENT_TARGET = 17.0;
				LOCALIZATION_PREFERS_STRING_CATALOGS = YES;
				MTL_ENABLE_DEBUG_INFO = NO;
				MTL_FAST_MATH = YES;
				SDKROOT = iphoneos;
				SWIFT_COMPILATION_MODE = wholemodule;
				VALIDATE_PRODUCT = YES;
			};
			name = Release;
		};
		569A07702B1FD23F004AA63A /* Debug */ = {
			isa = XCBuildConfiguration;
			buildSettings = {
				ASSETCATALOG_COMPILER_APPICON_NAME = AppIcon;
				ASSETCATALOG_COMPILER_GLOBAL_ACCENT_COLOR_NAME = AccentColor;
				CODE_SIGN_STYLE = Automatic;
				CURRENT_PROJECT_VERSION = 1;
				DEVELOPMENT_ASSET_PATHS = "\"RuytheriOSDev/Preview Content\"";
				DEVELOPMENT_TEAM = CSD6NA874L;
				ENABLE_PREVIEWS = YES;
				GENERATE_INFOPLIST_FILE = YES;
				INFOPLIST_FILE = RuytheriOSDev/App/Info.plist;
				INFOPLIST_KEY_CFBundleDisplayName = RuytheriOSDev;
				INFOPLIST_KEY_LSApplicationCategoryType = "public.app-category.social-networking";
				INFOPLIST_KEY_UIApplicationSceneManifest_Generation = YES;
				INFOPLIST_KEY_UIApplicationSupportsIndirectInputEvents = YES;
				INFOPLIST_KEY_UILaunchScreen_Generation = YES;
				INFOPLIST_KEY_UISupportedInterfaceOrientations = UIInterfaceOrientationPortrait;
				IPHONEOS_DEPLOYMENT_TARGET = 17.1;
				LD_RUNPATH_SEARCH_PATHS = (
					"$(inherited)",
					"@executable_path/Frameworks",
				);
				MARKETING_VERSION = 1.0;
				PRODUCT_BUNDLE_IDENTIFIER = com.themakew.RuytheriOSDev;
				PRODUCT_NAME = "$(TARGET_NAME)";
				SUPPORTED_PLATFORMS = "iphoneos iphonesimulator";
				SUPPORTS_MACCATALYST = NO;
				SUPPORTS_MAC_DESIGNED_FOR_IPHONE_IPAD = NO;
				SWIFT_EMIT_LOC_STRINGS = YES;
				SWIFT_VERSION = 5.0;
				TARGETED_DEVICE_FAMILY = 1;
			};
			name = Debug;
		};
		569A07712B1FD23F004AA63A /* Release */ = {
			isa = XCBuildConfiguration;
			buildSettings = {
				ASSETCATALOG_COMPILER_APPICON_NAME = AppIcon;
				ASSETCATALOG_COMPILER_GLOBAL_ACCENT_COLOR_NAME = AccentColor;
				CODE_SIGN_STYLE = Automatic;
				CURRENT_PROJECT_VERSION = 1;
				DEVELOPMENT_ASSET_PATHS = "\"RuytheriOSDev/Preview Content\"";
				DEVELOPMENT_TEAM = CSD6NA874L;
				ENABLE_PREVIEWS = YES;
				GENERATE_INFOPLIST_FILE = YES;
				INFOPLIST_FILE = RuytheriOSDev/App/Info.plist;
				INFOPLIST_KEY_CFBundleDisplayName = RuytheriOSDev;
				INFOPLIST_KEY_LSApplicationCategoryType = "public.app-category.social-networking";
				INFOPLIST_KEY_UIApplicationSceneManifest_Generation = YES;
				INFOPLIST_KEY_UIApplicationSupportsIndirectInputEvents = YES;
				INFOPLIST_KEY_UILaunchScreen_Generation = YES;
				INFOPLIST_KEY_UISupportedInterfaceOrientations = UIInterfaceOrientationPortrait;
				IPHONEOS_DEPLOYMENT_TARGET = 17.1;
				LD_RUNPATH_SEARCH_PATHS = (
					"$(inherited)",
					"@executable_path/Frameworks",
				);
				MARKETING_VERSION = 1.0;
				PRODUCT_BUNDLE_IDENTIFIER = com.themakew.RuytheriOSDev;
				PRODUCT_NAME = "$(TARGET_NAME)";
				SUPPORTED_PLATFORMS = "iphoneos iphonesimulator";
				SUPPORTS_MACCATALYST = NO;
				SUPPORTS_MAC_DESIGNED_FOR_IPHONE_IPAD = NO;
				SWIFT_EMIT_LOC_STRINGS = YES;
				SWIFT_VERSION = 5.0;
				TARGETED_DEVICE_FAMILY = 1;
			};
			name = Release;
		};
		569A07732B1FD23F004AA63A /* Debug */ = {
			isa = XCBuildConfiguration;
			buildSettings = {
				ALWAYS_EMBED_SWIFT_STANDARD_LIBRARIES = YES;
				BUNDLE_LOADER = "$(TEST_HOST)";
				CODE_SIGN_STYLE = Automatic;
				CURRENT_PROJECT_VERSION = 1;
				DEVELOPMENT_TEAM = CSD6NA874L;
				GENERATE_INFOPLIST_FILE = YES;
				IPHONEOS_DEPLOYMENT_TARGET = 17.0;
				MARKETING_VERSION = 1.0;
				PRODUCT_BUNDLE_IDENTIFIER = com.themakew.RuytheriOSDevTests;
				PRODUCT_NAME = "$(TARGET_NAME)";
				SWIFT_EMIT_LOC_STRINGS = NO;
				SWIFT_VERSION = 5.0;
				TARGETED_DEVICE_FAMILY = "1,2";
				TEST_HOST = "$(BUILT_PRODUCTS_DIR)/RuytheriOSDev.app/$(BUNDLE_EXECUTABLE_FOLDER_PATH)/RuytheriOSDev";
			};
			name = Debug;
		};
		569A07742B1FD23F004AA63A /* Release */ = {
			isa = XCBuildConfiguration;
			buildSettings = {
				ALWAYS_EMBED_SWIFT_STANDARD_LIBRARIES = YES;
				BUNDLE_LOADER = "$(TEST_HOST)";
				CODE_SIGN_STYLE = Automatic;
				CURRENT_PROJECT_VERSION = 1;
				DEVELOPMENT_TEAM = CSD6NA874L;
				GENERATE_INFOPLIST_FILE = YES;
				IPHONEOS_DEPLOYMENT_TARGET = 17.0;
				MARKETING_VERSION = 1.0;
				PRODUCT_BUNDLE_IDENTIFIER = com.themakew.RuytheriOSDevTests;
				PRODUCT_NAME = "$(TARGET_NAME)";
				SWIFT_EMIT_LOC_STRINGS = NO;
				SWIFT_VERSION = 5.0;
				TARGETED_DEVICE_FAMILY = "1,2";
				TEST_HOST = "$(BUILT_PRODUCTS_DIR)/RuytheriOSDev.app/$(BUNDLE_EXECUTABLE_FOLDER_PATH)/RuytheriOSDev";
			};
			name = Release;
		};
		569A07762B1FD23F004AA63A /* Debug */ = {
			isa = XCBuildConfiguration;
			buildSettings = {
				ALWAYS_EMBED_SWIFT_STANDARD_LIBRARIES = YES;
				CODE_SIGN_STYLE = Automatic;
				CURRENT_PROJECT_VERSION = 1;
				DEVELOPMENT_TEAM = CSD6NA874L;
				GENERATE_INFOPLIST_FILE = YES;
				MARKETING_VERSION = 1.0;
				PRODUCT_BUNDLE_IDENTIFIER = com.themakew.RuytheriOSDevUITests;
				PRODUCT_NAME = "$(TARGET_NAME)";
				SWIFT_EMIT_LOC_STRINGS = NO;
				SWIFT_VERSION = 5.0;
				TARGETED_DEVICE_FAMILY = "1,2";
				TEST_TARGET_NAME = RuytheriOSDev;
			};
			name = Debug;
		};
		569A07772B1FD23F004AA63A /* Release */ = {
			isa = XCBuildConfiguration;
			buildSettings = {
				ALWAYS_EMBED_SWIFT_STANDARD_LIBRARIES = YES;
				CODE_SIGN_STYLE = Automatic;
				CURRENT_PROJECT_VERSION = 1;
				DEVELOPMENT_TEAM = CSD6NA874L;
				GENERATE_INFOPLIST_FILE = YES;
				MARKETING_VERSION = 1.0;
				PRODUCT_BUNDLE_IDENTIFIER = com.themakew.RuytheriOSDevUITests;
				PRODUCT_NAME = "$(TARGET_NAME)";
				SWIFT_EMIT_LOC_STRINGS = NO;
				SWIFT_VERSION = 5.0;
				TARGETED_DEVICE_FAMILY = "1,2";
				TEST_TARGET_NAME = RuytheriOSDev;
			};
			name = Release;
		};
/* End XCBuildConfiguration section */

/* Begin XCConfigurationList section */
		569A07462B1FD23D004AA63A /* Build configuration list for PBXProject "RuytheriOSDev" */ = {
			isa = XCConfigurationList;
			buildConfigurations = (
				569A076D2B1FD23F004AA63A /* Debug */,
				569A076E2B1FD23F004AA63A /* Release */,
			);
			defaultConfigurationIsVisible = 0;
			defaultConfigurationName = Release;
		};
		569A076F2B1FD23F004AA63A /* Build configuration list for PBXNativeTarget "RuytheriOSDev" */ = {
			isa = XCConfigurationList;
			buildConfigurations = (
				569A07702B1FD23F004AA63A /* Debug */,
				569A07712B1FD23F004AA63A /* Release */,
			);
			defaultConfigurationIsVisible = 0;
			defaultConfigurationName = Release;
		};
		569A07722B1FD23F004AA63A /* Build configuration list for PBXNativeTarget "RuytheriOSDevTests" */ = {
			isa = XCConfigurationList;
			buildConfigurations = (
				569A07732B1FD23F004AA63A /* Debug */,
				569A07742B1FD23F004AA63A /* Release */,
			);
			defaultConfigurationIsVisible = 0;
			defaultConfigurationName = Release;
		};
		569A07752B1FD23F004AA63A /* Build configuration list for PBXNativeTarget "RuytheriOSDevUITests" */ = {
			isa = XCConfigurationList;
			buildConfigurations = (
				569A07762B1FD23F004AA63A /* Debug */,
				569A07772B1FD23F004AA63A /* Release */,
			);
			defaultConfigurationIsVisible = 0;
			defaultConfigurationName = Release;
		};
/* End XCConfigurationList section */
	};
	rootObject = 569A07432B1FD23D004AA63A /* Project object */;
}
